
Microsoft Visual Studio Solution File, Format Version 12.00
# Visual Studio 15
VisualStudioVersion = 15.0.28307.1738
MinimumVisualStudioVersion = 10.0.40219.1
Project("{FAE04EC0-301F-11D3-BF4B-00C04F79EFBC}") = "Lesson 2 - Типы Данных", "Lesson 2 - Типы Данных\Lesson 2 Типы Данных\Lesson 2 - Типы Данных.csproj", "{DEBC4CED-8964-455A-8DEB-6FEADAF2851F}"
EndProject
Project("{FAE04EC0-301F-11D3-BF4B-00C04F79EFBC}") = "Lesson 1 - Первая программа", "Lesson 1 - Первая программа\Lesson 1 - Первая программа\Lesson 1 - Первая программа.csproj", "{BEC8AD79-F534-495C-B1AD-C63EFDCCA555}"
EndProject
Project("{FAE04EC0-301F-11D3-BF4B-00C04F79EFBC}") = "Lesson 3 - Переменные в языке", "Lesson 3 - Переменные в языке\Lesson 3 - Переменные в языке\Lesson 3 - Переменные в языке.csproj", "{188BE1DF-C5E2-432A-A34B-B5B84F878235}"
EndProject
Project("{FAE04EC0-301F-11D3-BF4B-00C04F79EFBC}") = "Lesson 4 - Ввод данных в консоль", "Lesson 4 - Ввод данных в консоль\Lesson 4 - Ввод данных в консоль\Lesson 4 - Ввод данных в консоль.csproj", "{B1DC4F5A-1A96-4068-B1FA-2E78286AE2C4}"
EndProject
Project("{FAE04EC0-301F-11D3-BF4B-00C04F79EFBC}") = "Lesson 5 - конвертация строки, класс Convert", "Lesson 5 - Конвертация строки, класс Convert\Lesson 5 - конвертация строки, класс Convert\Lesson 5 - конвертация строки, класс Convert.csproj", "{57ACDCF4-1C18-4EDE-9F92-4BA2791B523C}"
EndProject
Project("{FAE04EC0-301F-11D3-BF4B-00C04F79EFBC}") = "Lesson 6 - Конвертация строки parse и tryparse", "Lesson 6 - Конвертация строки parse и tryparse\Lesson 6 - Конвертация строки parse и tryparse\Lesson 6 - Конвертация строки parse и tryparse.csproj", "{473B7C29-AD6F-41A3-BBF5-7F0D1968BE42}"
EndProject
Project("{FAE04EC0-301F-11D3-BF4B-00C04F79EFBC}") = "Lesson 7 - Что делать если закрывается консоль", "Lesson 7 - Что делать если закрывается консоль\Lesson 7 - Что делать если закрывается консоль\Lesson 7 - Что делать если закрывается консоль.csproj", "{29C3ECAE-8577-4D90-9DED-7F15E6760865}"
EndProject
Project("{FAE04EC0-301F-11D3-BF4B-00C04F79EFBC}") = "Lesson 8 - Арифметические операции с числами", "Lesson 8 - Арифметические операции с числами\Lesson 8 - Арифметические операции с числами\Lesson 8 - Арифметические операции с числами.csproj", "{2543A1D0-1B38-4E19-96E4-77E635CD768F}"
EndProject
Project("{FAE04EC0-301F-11D3-BF4B-00C04F79EFBC}") = "Lesson 9 - Приоритет арифметических операций", "Lesson 9 - Приоритет арифметических операций\Lesson 9 - Приоритет арифметических операций\Lesson 9 - Приоритет арифметических операций.csproj", "{BD9FA8EA-73BB-411C-B159-E73F57A9DCBA}"
EndProject
Project("{FAE04EC0-301F-11D3-BF4B-00C04F79EFBC}") = "Lesson 10 - Несколько проектов в одном решении", "Lesson 10 - Несколько проектов в одном решении\Lesson 10 - Несколько проектов в одном решении\Lesson 10 - Несколько проектов в одном решении.csproj", "{A7E7EEDE-05D5-4467-B092-5AACE88F5A90}"
EndProject
Project("{FAE04EC0-301F-11D3-BF4B-00C04F79EFBC}") = "Task Home 1 - Среднее арифметическое двух чисел", "Task Home 1 - Среднее арифметическое двух чисел\Task Home 1 - Среднее арифметическое двух чисел.csproj", "{F55F7A32-FC19-47A6-A9C1-07C5FEB2C394}"
EndProject
Project("{FAE04EC0-301F-11D3-BF4B-00C04F79EFBC}") = "Lesson 10 - MyProject", "Lesson 10 - Несколько проектов в одном решении\Lesson 10 - MyProject\Lesson 10 - MyProject.csproj", "{4D2AA99E-1047-4F82-B26A-7C581217CC99}"
EndProject
Project("{FAE04EC0-301F-11D3-BF4B-00C04F79EFBC}") = "Lesson 11 - Инкремент и декремент. Постфиксный и префиксный", "Lesson 11 - Инкремент и декремент. Постфиксный и префиксный\Lesson 11 - Инкремент и декремент. Постфиксный и префиксный.csproj", "{3D82C6D9-EFBC-4F51-9A40-76D19265D814}"
EndProject
Project("{FAE04EC0-301F-11D3-BF4B-00C04F79EFBC}") = "Task Home 2 - Введите три числа и выведите их произведение и суммы", "Task Home 2 - Введите три числа и выведите их произведение и суммы\Task Home 2 - Введите три числа и выведите их произведение и суммы.csproj", "{DA90C9B8-A37B-41F1-98E1-25EF68A3A3CC}"
EndProject
Project("{FAE04EC0-301F-11D3-BF4B-00C04F79EFBC}") = "Task Home 3 - Конвертер валюты", "Task Home 3 - Конвертер валюты\Task Home 3 - Конвертер валюты.csproj", "{45F5A326-539B-4E99-9A7A-5875EE60E13B}"
EndProject
Project("{FAE04EC0-301F-11D3-BF4B-00C04F79EFBC}") = "Lesson 12 - Операторы сравнения. Операции сравнения", "Lesson 12 - Операторы сравнения. Операции сравнения\Lesson 12 - Операторы сравнения. Операции сравнения.csproj", "{C3CDCFE1-7C6D-4122-9C0B-F82FAB30999E}"
EndProject
Project("{FAE04EC0-301F-11D3-BF4B-00C04F79EFBC}") = "Lesson 13 - Конструкция if else", "Lesson 13 - Конструкция if else\Lesson 13 - Конструкция if else.csproj", "{AB913711-B99C-4D68-B9EF-6D66C437F97A}"
EndProject
Project("{FAE04EC0-301F-11D3-BF4B-00C04F79EFBC}") = "Lesson 14 - Сокращённые логические операции. Логические операторы", "Lesson 14 - Сокращённые логические операции. Логические операторы\Lesson 14 - Сокращённые логические операции. Логические операторы.csproj", "{668DAC0A-01C5-4DD0-ACF3-0D4E9485F449}"
EndProject
Project("{FAE04EC0-301F-11D3-BF4B-00C04F79EFBC}") = "Task Home 4 - Проверка числа на чётность", "Task Home 4 - Проверка числа на чётность\Task Home 4 - Проверка числа на чётность.csproj", "{9124A33F-1F0D-4788-8CD8-156AE083D304}"
EndProject
Project("{FAE04EC0-301F-11D3-BF4B-00C04F79EFBC}") = "Lesson 15 - Условный оператор множественного выбора switch", "Lesson 15 - Условный оператор множественного выбора switch\Lesson 15 - Условный оператор множественного выбора switch.csproj", "{ACE8ABDC-0D05-4963-AFD8-CFF298A85A9C}"
EndProject
Project("{FAE04EC0-301F-11D3-BF4B-00C04F79EFBC}") = "Task Home 5 - Калькулятор Switch и на If Else", "Task Home 5 - Калькулятор Switch и на If Else\Task Home 5 - Калькулятор Switch и на If Else.csproj", "{C9595BDE-8D44-4EF8-8451-EBEEEE2E31D2}"
EndProject
Project("{FAE04EC0-301F-11D3-BF4B-00C04F79EFBC}") = "Lesson 18 - Цикл for", "Lesson 18 - Цикл for\Lesson 18 - Цикл for.csproj", "{608C0926-91C6-4B0C-B6BF-4AE25688AB70}"
EndProject
Project("{FAE04EC0-301F-11D3-BF4B-00C04F79EFBC}") = "Lesson 19 - Цикл for в обратном порядке", "Lesson 19 - Цикл for в обратном порядке\Lesson 19 - Цикл for в обратном порядке.csproj", "{EE26A5F9-9C69-470B-94C4-7F7DE42215B1}"
EndProject
Project("{FAE04EC0-301F-11D3-BF4B-00C04F79EFBC}") = "Lesson 20 - Ключевое слово break (оператор)", "Lesson 20 - Ключевое слово break (оператор)\Lesson 20 - Ключевое слово break (оператор).csproj", "{E962F366-B388-4EE4-B276-000F1B4B8052}"
EndProject
Project("{FAE04EC0-301F-11D3-BF4B-00C04F79EFBC}") = "Lesson 21 - Ключевое слово continue", "Lesson 21 - Ключевое слово continue\Lesson 21 - Ключевое слово continue.csproj", "{C8EB51D4-B80E-4227-9DC6-6E6D088F24BB}"
EndProject
Project("{FAE04EC0-301F-11D3-BF4B-00C04F79EFBC}") = "Lesson 22 - Вложенные циклы. Как работают", "Lesson 22 - Вложенные циклы. Как работают\Lesson 22 - Вложенные циклы. Как работают.csproj", "{542E79A5-E2AE-4446-AFF6-17D55EDA286D}"
EndProject
Project("{FAE04EC0-301F-11D3-BF4B-00C04F79EFBC}") = "Task Home 6 - Как нарисовать треугольник в консоли", "Task Home 6 - Как нарисовать треугольник в консоли\Task Home 6 - Как нарисовать треугольник в консоли.csproj", "{4FFDDB39-D141-4EEA-ACC3-767C5BE4D955}"
EndProject
Project("{FAE04EC0-301F-11D3-BF4B-00C04F79EFBC}") = "Lesson 23 - Тернарный оператор. Что это. Пример", "Lesson 23 - Тернарный оператор. Что это. Пример\Lesson 23 - Тернарный оператор. Что это. Пример.csproj", "{C3596099-8F86-47F2-BA83-EA56E3BC76D0}"
EndProject
Project("{FAE04EC0-301F-11D3-BF4B-00C04F79EFBC}") = "Lesson 24 - Что такое массивы. Одномерный массив. Примеры", "Lesson 24 - Что такое массивы. Одномерный массив. Примеры\Lesson 24 - Что такое массивы. Одномерный массив. Примеры.csproj", "{46607273-7BE4-41A6-90E5-ACFC1479A9AC}"
EndProject
Project("{FAE04EC0-301F-11D3-BF4B-00C04F79EFBC}") = "Lesson 25 - Инициализация массива. Способы", "Lesson 25 - Инициализация массива. Способы\Lesson 25 - Инициализация массива. Способы.csproj", "{F1F3121A-C3D9-46DB-A69E-CF810CD8A362}"
EndProject
Project("{FAE04EC0-301F-11D3-BF4B-00C04F79EFBC}") = "Lesson 26 - Вывод массива. Перебор массива. Массивы и циклы", "Lesson 26 - Вывод массива. Перебор массива. Массивы и циклы\Lesson 26 - Вывод массива. Перебор массива. Массивы и циклы.csproj", "{C0D360CD-3C06-45CC-A0B0-4A5AC0783320}"
EndProject
Project("{FAE04EC0-301F-11D3-BF4B-00C04F79EFBC}") = "Lesson 27 - Как работать с массивами на самом деле", "Lesson 27 - Как работать с массивами на самом деле\Lesson 27 - Как работать с массивами на самом деле.csproj", "{027E7BEF-CE49-4672-93CD-9F3F4471B92A}"
EndProject
Project("{FAE04EC0-301F-11D3-BF4B-00C04F79EFBC}") = "Lesson 29 - Многомерные массивы. Двумерный прямоугольный массив", "Lesson 29 - Многомерные массивы. Двумерный прямоугольный массив\Lesson 29 - Многомерные массивы. Двумерный прямоугольный массив.csproj", "{E85F79E9-98D3-4451-9CF9-163631DBB6AF}"
EndProject
Project("{FAE04EC0-301F-11D3-BF4B-00C04F79EFBC}") = "Lesson 30 - Двумерный массив. Объявление. Инициализация. Индексы", "Lesson 30 - Двумерный массив. Объявление. Инициализация. Индексы\Lesson 30 - Двумерный массив. Объявление. Инициализация. Индексы.csproj", "{31F0D7A5-6BDF-49BD-B2A7-3BB7879213BB}"
EndProject
Project("{FAE04EC0-301F-11D3-BF4B-00C04F79EFBC}") = "Lesson 31 - Вывод двумерного массива", "Lesson 31 - Вывод двумерного массива\Lesson 31 - Вывод двумерного массива.csproj", "{8A4C8531-FC1F-4BE9-9625-B359984F0CEB}"
EndProject
Project("{FAE04EC0-301F-11D3-BF4B-00C04F79EFBC}") = "Lesson 32 - Заполнение двумерного масива, случайными числами", "Lesson 32 - Заполнение двумерного масива, случайными числами\Lesson 32 - Заполнение двумерного масива, случайными числами.csproj", "{78D5B5FF-0681-49E1-9752-B4AB395A47AB}"
EndProject
Project("{FAE04EC0-301F-11D3-BF4B-00C04F79EFBC}") = "Lesson 33 - Ступенчатые (зубчатые) массивы", "Lesson 33 - Ступенчатые (зубчатые) массивы\Lesson 33 - Ступенчатые (зубчатые) массивы.csproj", "{9AA9A703-8243-4EAE-B022-EE2FF4027A85}"
EndProject
Project("{FAE04EC0-301F-11D3-BF4B-00C04F79EFBC}") = "Lesson 34 - Трехмерные массивы, многомерные массивы любой мерности", "Lesson 34 - Трехмерные массивы, многомерные массивы любой мерности\Lesson 34 - Трехмерные массивы, многомерные массивы любой мерности.csproj", "{AA3C2474-5FFC-45B8-8C23-CCE0E2DBD851}"
EndProject
Project("{FAE04EC0-301F-11D3-BF4B-00C04F79EFBC}") = "Lesson 35 - Функции и методы, что это, примеры", "Lesson 35 - Функции и методы, что это, примеры\Lesson 35 - Функции и методы, что это, примеры.csproj", "{D456B58D-3801-4B76-BE69-82A4FDB5A993}"
EndProject
Project("{FAE04EC0-301F-11D3-BF4B-00C04F79EFBC}") = "Lesson 36  - Перегрузка методов", "Lesson 36  - Перегрузка методов\Lesson 36  - Перегрузка методов.csproj", "{F34542A8-0AAA-46C7-98DE-0DF72E9A7E2F}"
EndProject
Project("{FAE04EC0-301F-11D3-BF4B-00C04F79EFBC}") = "Lesson 37  - Область видимости, контекст переменной, конфликт областей", "Lesson 37  - Область видимости, контекст переменной, конфликт областей\Lesson 37  - Область видимости, контекст переменной, конфликт областей.csproj", "{149CE343-79C3-4AE2-B61E-51845872C151}"
EndProject
Project("{FAE04EC0-301F-11D3-BF4B-00C04F79EFBC}") = "Lesson 38  - Ссылочные и значимые типы, стек и куча", "Lesson 38  - Ссылочные и значимые типы, стек и куча\Lesson 38  - Ссылочные и значимые типы, стек и куча.csproj", "{AA330FB4-E2E1-4570-9ECD-65F8100E90D5}"
EndProject
Project("{FAE04EC0-301F-11D3-BF4B-00C04F79EFBC}") = "Lesson 39 - Что такое NULL", "Lesson 39 - Что такое NULL\Lesson 39 - Что такое NULL.csproj", "{5BE6607E-0B8C-441E-B80E-14236D377D08}"
EndProject
Project("{FAE04EC0-301F-11D3-BF4B-00C04F79EFBC}") = "Lesson 40 - Оператор объекдинения с  NULL", "Lesson 40 - Оператор объекдинения с  NULL\Lesson 40 - Оператор объекдинения с  NULL.csproj", "{D4526E9D-E808-4922-8841-96A03BB14650}"
EndProject
Project("{FAE04EC0-301F-11D3-BF4B-00C04F79EFBC}") = "Lesson 40_wf - Оператор объекдинения с  NULL", "Lesson 40_wf - Оператор объекдинения с  NULL\Lesson 40_wf - Оператор объекдинения с  NULL.csproj", "{E936CD37-FC1B-4D05-8BE7-B3F29EC393B1}"
EndProject
Project("{FAE04EC0-301F-11D3-BF4B-00C04F79EFBC}") = "Lesson 41 - Оператор присваивания объединения со значением NULL", "Lesson 41 - Оператор присваивания объединения со значением NULL\Lesson 41 - Оператор присваивания объединения со значением NULL.csproj", "{8E106150-257D-45F1-84BD-FC7AAE39FF5B}"
EndProject
Project("{FAE04EC0-301F-11D3-BF4B-00C04F79EFBC}") = "Lesson 42 - Оператор условного NULL", "Lesson 42 - Оператор условного NULL\Lesson 42 - Оператор условного NULL.csproj", "{9737100B-A415-4E7D-ABD1-0D2B89981F16}"
EndProject
Project("{FAE04EC0-301F-11D3-BF4B-00C04F79EFBC}") = "Lesson 42_2 - Example 1 - Оператор условного NULL", "Lesson 42_2 - Example 1 - Оператор условного NULL\Lesson 42_2 - Example 1 - Оператор условного NULL.csproj", "{CD0F3063-D5AC-4B78-BC99-729D6FDD7478}"
EndProject
Project("{FAE04EC0-301F-11D3-BF4B-00C04F79EFBC}") = "Lesson 43 - Ключевое слово ref, что это и предназначение", "Lesson 43 - Ключевое слово ref, что это и предназначение.\Lesson 43 - Ключевое слово ref, что это и предназначение.csproj", "{EB3EC543-CB41-4E1A-9500-9AEF5C3BC0B7}"
EndProject
Global
	GlobalSection(SolutionConfigurationPlatforms) = preSolution
		Debug|Any CPU = Debug|Any CPU
		Release|Any CPU = Release|Any CPU
	EndGlobalSection
	GlobalSection(ProjectConfigurationPlatforms) = postSolution
		{DEBC4CED-8964-455A-8DEB-6FEADAF2851F}.Debug|Any CPU.ActiveCfg = Debug|Any CPU
		{DEBC4CED-8964-455A-8DEB-6FEADAF2851F}.Debug|Any CPU.Build.0 = Debug|Any CPU
		{DEBC4CED-8964-455A-8DEB-6FEADAF2851F}.Release|Any CPU.ActiveCfg = Release|Any CPU
		{DEBC4CED-8964-455A-8DEB-6FEADAF2851F}.Release|Any CPU.Build.0 = Release|Any CPU
		{BEC8AD79-F534-495C-B1AD-C63EFDCCA555}.Debug|Any CPU.ActiveCfg = Debug|Any CPU
		{BEC8AD79-F534-495C-B1AD-C63EFDCCA555}.Debug|Any CPU.Build.0 = Debug|Any CPU
		{BEC8AD79-F534-495C-B1AD-C63EFDCCA555}.Release|Any CPU.ActiveCfg = Release|Any CPU
		{BEC8AD79-F534-495C-B1AD-C63EFDCCA555}.Release|Any CPU.Build.0 = Release|Any CPU
		{188BE1DF-C5E2-432A-A34B-B5B84F878235}.Debug|Any CPU.ActiveCfg = Debug|Any CPU
		{188BE1DF-C5E2-432A-A34B-B5B84F878235}.Debug|Any CPU.Build.0 = Debug|Any CPU
		{188BE1DF-C5E2-432A-A34B-B5B84F878235}.Release|Any CPU.ActiveCfg = Release|Any CPU
		{188BE1DF-C5E2-432A-A34B-B5B84F878235}.Release|Any CPU.Build.0 = Release|Any CPU
		{B1DC4F5A-1A96-4068-B1FA-2E78286AE2C4}.Debug|Any CPU.ActiveCfg = Debug|Any CPU
		{B1DC4F5A-1A96-4068-B1FA-2E78286AE2C4}.Debug|Any CPU.Build.0 = Debug|Any CPU
		{B1DC4F5A-1A96-4068-B1FA-2E78286AE2C4}.Release|Any CPU.ActiveCfg = Release|Any CPU
		{B1DC4F5A-1A96-4068-B1FA-2E78286AE2C4}.Release|Any CPU.Build.0 = Release|Any CPU
		{57ACDCF4-1C18-4EDE-9F92-4BA2791B523C}.Debug|Any CPU.ActiveCfg = Debug|Any CPU
		{57ACDCF4-1C18-4EDE-9F92-4BA2791B523C}.Debug|Any CPU.Build.0 = Debug|Any CPU
		{57ACDCF4-1C18-4EDE-9F92-4BA2791B523C}.Release|Any CPU.ActiveCfg = Release|Any CPU
		{57ACDCF4-1C18-4EDE-9F92-4BA2791B523C}.Release|Any CPU.Build.0 = Release|Any CPU
		{473B7C29-AD6F-41A3-BBF5-7F0D1968BE42}.Debug|Any CPU.ActiveCfg = Debug|Any CPU
		{473B7C29-AD6F-41A3-BBF5-7F0D1968BE42}.Debug|Any CPU.Build.0 = Debug|Any CPU
		{473B7C29-AD6F-41A3-BBF5-7F0D1968BE42}.Release|Any CPU.ActiveCfg = Release|Any CPU
		{473B7C29-AD6F-41A3-BBF5-7F0D1968BE42}.Release|Any CPU.Build.0 = Release|Any CPU
		{29C3ECAE-8577-4D90-9DED-7F15E6760865}.Debug|Any CPU.ActiveCfg = Debug|Any CPU
		{29C3ECAE-8577-4D90-9DED-7F15E6760865}.Debug|Any CPU.Build.0 = Debug|Any CPU
		{29C3ECAE-8577-4D90-9DED-7F15E6760865}.Release|Any CPU.ActiveCfg = Release|Any CPU
		{29C3ECAE-8577-4D90-9DED-7F15E6760865}.Release|Any CPU.Build.0 = Release|Any CPU
		{2543A1D0-1B38-4E19-96E4-77E635CD768F}.Debug|Any CPU.ActiveCfg = Debug|Any CPU
		{2543A1D0-1B38-4E19-96E4-77E635CD768F}.Debug|Any CPU.Build.0 = Debug|Any CPU
		{2543A1D0-1B38-4E19-96E4-77E635CD768F}.Release|Any CPU.ActiveCfg = Release|Any CPU
		{2543A1D0-1B38-4E19-96E4-77E635CD768F}.Release|Any CPU.Build.0 = Release|Any CPU
		{BD9FA8EA-73BB-411C-B159-E73F57A9DCBA}.Debug|Any CPU.ActiveCfg = Debug|Any CPU
		{BD9FA8EA-73BB-411C-B159-E73F57A9DCBA}.Debug|Any CPU.Build.0 = Debug|Any CPU
		{BD9FA8EA-73BB-411C-B159-E73F57A9DCBA}.Release|Any CPU.ActiveCfg = Release|Any CPU
		{BD9FA8EA-73BB-411C-B159-E73F57A9DCBA}.Release|Any CPU.Build.0 = Release|Any CPU
		{A7E7EEDE-05D5-4467-B092-5AACE88F5A90}.Debug|Any CPU.ActiveCfg = Debug|Any CPU
		{A7E7EEDE-05D5-4467-B092-5AACE88F5A90}.Debug|Any CPU.Build.0 = Debug|Any CPU
		{A7E7EEDE-05D5-4467-B092-5AACE88F5A90}.Release|Any CPU.ActiveCfg = Release|Any CPU
		{A7E7EEDE-05D5-4467-B092-5AACE88F5A90}.Release|Any CPU.Build.0 = Release|Any CPU
		{F55F7A32-FC19-47A6-A9C1-07C5FEB2C394}.Debug|Any CPU.ActiveCfg = Debug|Any CPU
		{F55F7A32-FC19-47A6-A9C1-07C5FEB2C394}.Debug|Any CPU.Build.0 = Debug|Any CPU
		{F55F7A32-FC19-47A6-A9C1-07C5FEB2C394}.Release|Any CPU.ActiveCfg = Release|Any CPU
		{F55F7A32-FC19-47A6-A9C1-07C5FEB2C394}.Release|Any CPU.Build.0 = Release|Any CPU
		{4D2AA99E-1047-4F82-B26A-7C581217CC99}.Debug|Any CPU.ActiveCfg = Debug|Any CPU
		{4D2AA99E-1047-4F82-B26A-7C581217CC99}.Debug|Any CPU.Build.0 = Debug|Any CPU
		{4D2AA99E-1047-4F82-B26A-7C581217CC99}.Release|Any CPU.ActiveCfg = Release|Any CPU
		{4D2AA99E-1047-4F82-B26A-7C581217CC99}.Release|Any CPU.Build.0 = Release|Any CPU
		{3D82C6D9-EFBC-4F51-9A40-76D19265D814}.Debug|Any CPU.ActiveCfg = Debug|Any CPU
		{3D82C6D9-EFBC-4F51-9A40-76D19265D814}.Debug|Any CPU.Build.0 = Debug|Any CPU
		{3D82C6D9-EFBC-4F51-9A40-76D19265D814}.Release|Any CPU.ActiveCfg = Release|Any CPU
		{3D82C6D9-EFBC-4F51-9A40-76D19265D814}.Release|Any CPU.Build.0 = Release|Any CPU
		{DA90C9B8-A37B-41F1-98E1-25EF68A3A3CC}.Debug|Any CPU.ActiveCfg = Debug|Any CPU
		{DA90C9B8-A37B-41F1-98E1-25EF68A3A3CC}.Debug|Any CPU.Build.0 = Debug|Any CPU
		{DA90C9B8-A37B-41F1-98E1-25EF68A3A3CC}.Release|Any CPU.ActiveCfg = Release|Any CPU
		{DA90C9B8-A37B-41F1-98E1-25EF68A3A3CC}.Release|Any CPU.Build.0 = Release|Any CPU
		{45F5A326-539B-4E99-9A7A-5875EE60E13B}.Debug|Any CPU.ActiveCfg = Debug|Any CPU
		{45F5A326-539B-4E99-9A7A-5875EE60E13B}.Debug|Any CPU.Build.0 = Debug|Any CPU
		{45F5A326-539B-4E99-9A7A-5875EE60E13B}.Release|Any CPU.ActiveCfg = Release|Any CPU
		{45F5A326-539B-4E99-9A7A-5875EE60E13B}.Release|Any CPU.Build.0 = Release|Any CPU
		{C3CDCFE1-7C6D-4122-9C0B-F82FAB30999E}.Debug|Any CPU.ActiveCfg = Debug|Any CPU
		{C3CDCFE1-7C6D-4122-9C0B-F82FAB30999E}.Debug|Any CPU.Build.0 = Debug|Any CPU
		{C3CDCFE1-7C6D-4122-9C0B-F82FAB30999E}.Release|Any CPU.ActiveCfg = Release|Any CPU
		{C3CDCFE1-7C6D-4122-9C0B-F82FAB30999E}.Release|Any CPU.Build.0 = Release|Any CPU
		{AB913711-B99C-4D68-B9EF-6D66C437F97A}.Debug|Any CPU.ActiveCfg = Debug|Any CPU
		{AB913711-B99C-4D68-B9EF-6D66C437F97A}.Debug|Any CPU.Build.0 = Debug|Any CPU
		{AB913711-B99C-4D68-B9EF-6D66C437F97A}.Release|Any CPU.ActiveCfg = Release|Any CPU
		{AB913711-B99C-4D68-B9EF-6D66C437F97A}.Release|Any CPU.Build.0 = Release|Any CPU
		{668DAC0A-01C5-4DD0-ACF3-0D4E9485F449}.Debug|Any CPU.ActiveCfg = Debug|Any CPU
		{668DAC0A-01C5-4DD0-ACF3-0D4E9485F449}.Debug|Any CPU.Build.0 = Debug|Any CPU
		{668DAC0A-01C5-4DD0-ACF3-0D4E9485F449}.Release|Any CPU.ActiveCfg = Release|Any CPU
		{668DAC0A-01C5-4DD0-ACF3-0D4E9485F449}.Release|Any CPU.Build.0 = Release|Any CPU
		{9124A33F-1F0D-4788-8CD8-156AE083D304}.Debug|Any CPU.ActiveCfg = Debug|Any CPU
		{9124A33F-1F0D-4788-8CD8-156AE083D304}.Debug|Any CPU.Build.0 = Debug|Any CPU
		{9124A33F-1F0D-4788-8CD8-156AE083D304}.Release|Any CPU.ActiveCfg = Release|Any CPU
		{9124A33F-1F0D-4788-8CD8-156AE083D304}.Release|Any CPU.Build.0 = Release|Any CPU
		{ACE8ABDC-0D05-4963-AFD8-CFF298A85A9C}.Debug|Any CPU.ActiveCfg = Debug|Any CPU
		{ACE8ABDC-0D05-4963-AFD8-CFF298A85A9C}.Debug|Any CPU.Build.0 = Debug|Any CPU
		{ACE8ABDC-0D05-4963-AFD8-CFF298A85A9C}.Release|Any CPU.ActiveCfg = Release|Any CPU
		{ACE8ABDC-0D05-4963-AFD8-CFF298A85A9C}.Release|Any CPU.Build.0 = Release|Any CPU
		{C9595BDE-8D44-4EF8-8451-EBEEEE2E31D2}.Debug|Any CPU.ActiveCfg = Debug|Any CPU
		{C9595BDE-8D44-4EF8-8451-EBEEEE2E31D2}.Debug|Any CPU.Build.0 = Debug|Any CPU
		{C9595BDE-8D44-4EF8-8451-EBEEEE2E31D2}.Release|Any CPU.ActiveCfg = Release|Any CPU
		{C9595BDE-8D44-4EF8-8451-EBEEEE2E31D2}.Release|Any CPU.Build.0 = Release|Any CPU
		{608C0926-91C6-4B0C-B6BF-4AE25688AB70}.Debug|Any CPU.ActiveCfg = Debug|Any CPU
		{608C0926-91C6-4B0C-B6BF-4AE25688AB70}.Debug|Any CPU.Build.0 = Debug|Any CPU
		{608C0926-91C6-4B0C-B6BF-4AE25688AB70}.Release|Any CPU.ActiveCfg = Release|Any CPU
		{608C0926-91C6-4B0C-B6BF-4AE25688AB70}.Release|Any CPU.Build.0 = Release|Any CPU
		{EE26A5F9-9C69-470B-94C4-7F7DE42215B1}.Debug|Any CPU.ActiveCfg = Debug|Any CPU
		{EE26A5F9-9C69-470B-94C4-7F7DE42215B1}.Debug|Any CPU.Build.0 = Debug|Any CPU
		{EE26A5F9-9C69-470B-94C4-7F7DE42215B1}.Release|Any CPU.ActiveCfg = Release|Any CPU
		{EE26A5F9-9C69-470B-94C4-7F7DE42215B1}.Release|Any CPU.Build.0 = Release|Any CPU
		{E962F366-B388-4EE4-B276-000F1B4B8052}.Debug|Any CPU.ActiveCfg = Debug|Any CPU
		{E962F366-B388-4EE4-B276-000F1B4B8052}.Debug|Any CPU.Build.0 = Debug|Any CPU
		{E962F366-B388-4EE4-B276-000F1B4B8052}.Release|Any CPU.ActiveCfg = Release|Any CPU
		{E962F366-B388-4EE4-B276-000F1B4B8052}.Release|Any CPU.Build.0 = Release|Any CPU
		{C8EB51D4-B80E-4227-9DC6-6E6D088F24BB}.Debug|Any CPU.ActiveCfg = Debug|Any CPU
		{C8EB51D4-B80E-4227-9DC6-6E6D088F24BB}.Debug|Any CPU.Build.0 = Debug|Any CPU
		{C8EB51D4-B80E-4227-9DC6-6E6D088F24BB}.Release|Any CPU.ActiveCfg = Release|Any CPU
		{C8EB51D4-B80E-4227-9DC6-6E6D088F24BB}.Release|Any CPU.Build.0 = Release|Any CPU
		{542E79A5-E2AE-4446-AFF6-17D55EDA286D}.Debug|Any CPU.ActiveCfg = Debug|Any CPU
		{542E79A5-E2AE-4446-AFF6-17D55EDA286D}.Debug|Any CPU.Build.0 = Debug|Any CPU
		{542E79A5-E2AE-4446-AFF6-17D55EDA286D}.Release|Any CPU.ActiveCfg = Release|Any CPU
		{542E79A5-E2AE-4446-AFF6-17D55EDA286D}.Release|Any CPU.Build.0 = Release|Any CPU
		{4FFDDB39-D141-4EEA-ACC3-767C5BE4D955}.Debug|Any CPU.ActiveCfg = Debug|Any CPU
		{4FFDDB39-D141-4EEA-ACC3-767C5BE4D955}.Debug|Any CPU.Build.0 = Debug|Any CPU
		{4FFDDB39-D141-4EEA-ACC3-767C5BE4D955}.Release|Any CPU.ActiveCfg = Release|Any CPU
		{4FFDDB39-D141-4EEA-ACC3-767C5BE4D955}.Release|Any CPU.Build.0 = Release|Any CPU
		{C3596099-8F86-47F2-BA83-EA56E3BC76D0}.Debug|Any CPU.ActiveCfg = Debug|Any CPU
		{C3596099-8F86-47F2-BA83-EA56E3BC76D0}.Debug|Any CPU.Build.0 = Debug|Any CPU
		{C3596099-8F86-47F2-BA83-EA56E3BC76D0}.Release|Any CPU.ActiveCfg = Release|Any CPU
		{C3596099-8F86-47F2-BA83-EA56E3BC76D0}.Release|Any CPU.Build.0 = Release|Any CPU
		{46607273-7BE4-41A6-90E5-ACFC1479A9AC}.Debug|Any CPU.ActiveCfg = Debug|Any CPU
		{46607273-7BE4-41A6-90E5-ACFC1479A9AC}.Debug|Any CPU.Build.0 = Debug|Any CPU
		{46607273-7BE4-41A6-90E5-ACFC1479A9AC}.Release|Any CPU.ActiveCfg = Release|Any CPU
		{46607273-7BE4-41A6-90E5-ACFC1479A9AC}.Release|Any CPU.Build.0 = Release|Any CPU
		{F1F3121A-C3D9-46DB-A69E-CF810CD8A362}.Debug|Any CPU.ActiveCfg = Debug|Any CPU
		{F1F3121A-C3D9-46DB-A69E-CF810CD8A362}.Debug|Any CPU.Build.0 = Debug|Any CPU
		{F1F3121A-C3D9-46DB-A69E-CF810CD8A362}.Release|Any CPU.ActiveCfg = Release|Any CPU
		{F1F3121A-C3D9-46DB-A69E-CF810CD8A362}.Release|Any CPU.Build.0 = Release|Any CPU
		{C0D360CD-3C06-45CC-A0B0-4A5AC0783320}.Debug|Any CPU.ActiveCfg = Debug|Any CPU
		{C0D360CD-3C06-45CC-A0B0-4A5AC0783320}.Debug|Any CPU.Build.0 = Debug|Any CPU
		{C0D360CD-3C06-45CC-A0B0-4A5AC0783320}.Release|Any CPU.ActiveCfg = Release|Any CPU
		{C0D360CD-3C06-45CC-A0B0-4A5AC0783320}.Release|Any CPU.Build.0 = Release|Any CPU
		{027E7BEF-CE49-4672-93CD-9F3F4471B92A}.Debug|Any CPU.ActiveCfg = Debug|Any CPU
		{027E7BEF-CE49-4672-93CD-9F3F4471B92A}.Debug|Any CPU.Build.0 = Debug|Any CPU
		{027E7BEF-CE49-4672-93CD-9F3F4471B92A}.Release|Any CPU.ActiveCfg = Release|Any CPU
		{027E7BEF-CE49-4672-93CD-9F3F4471B92A}.Release|Any CPU.Build.0 = Release|Any CPU
		{E85F79E9-98D3-4451-9CF9-163631DBB6AF}.Debug|Any CPU.ActiveCfg = Debug|Any CPU
		{E85F79E9-98D3-4451-9CF9-163631DBB6AF}.Debug|Any CPU.Build.0 = Debug|Any CPU
		{E85F79E9-98D3-4451-9CF9-163631DBB6AF}.Release|Any CPU.ActiveCfg = Release|Any CPU
		{E85F79E9-98D3-4451-9CF9-163631DBB6AF}.Release|Any CPU.Build.0 = Release|Any CPU
		{31F0D7A5-6BDF-49BD-B2A7-3BB7879213BB}.Debug|Any CPU.ActiveCfg = Debug|Any CPU
		{31F0D7A5-6BDF-49BD-B2A7-3BB7879213BB}.Debug|Any CPU.Build.0 = Debug|Any CPU
		{31F0D7A5-6BDF-49BD-B2A7-3BB7879213BB}.Release|Any CPU.ActiveCfg = Release|Any CPU
		{31F0D7A5-6BDF-49BD-B2A7-3BB7879213BB}.Release|Any CPU.Build.0 = Release|Any CPU
		{8A4C8531-FC1F-4BE9-9625-B359984F0CEB}.Debug|Any CPU.ActiveCfg = Debug|Any CPU
		{8A4C8531-FC1F-4BE9-9625-B359984F0CEB}.Debug|Any CPU.Build.0 = Debug|Any CPU
		{8A4C8531-FC1F-4BE9-9625-B359984F0CEB}.Release|Any CPU.ActiveCfg = Release|Any CPU
		{8A4C8531-FC1F-4BE9-9625-B359984F0CEB}.Release|Any CPU.Build.0 = Release|Any CPU
		{78D5B5FF-0681-49E1-9752-B4AB395A47AB}.Debug|Any CPU.ActiveCfg = Debug|Any CPU
		{78D5B5FF-0681-49E1-9752-B4AB395A47AB}.Debug|Any CPU.Build.0 = Debug|Any CPU
		{78D5B5FF-0681-49E1-9752-B4AB395A47AB}.Release|Any CPU.ActiveCfg = Release|Any CPU
		{78D5B5FF-0681-49E1-9752-B4AB395A47AB}.Release|Any CPU.Build.0 = Release|Any CPU
		{9AA9A703-8243-4EAE-B022-EE2FF4027A85}.Debug|Any CPU.ActiveCfg = Debug|Any CPU
		{9AA9A703-8243-4EAE-B022-EE2FF4027A85}.Debug|Any CPU.Build.0 = Debug|Any CPU
		{9AA9A703-8243-4EAE-B022-EE2FF4027A85}.Release|Any CPU.ActiveCfg = Release|Any CPU
		{9AA9A703-8243-4EAE-B022-EE2FF4027A85}.Release|Any CPU.Build.0 = Release|Any CPU
		{AA3C2474-5FFC-45B8-8C23-CCE0E2DBD851}.Debug|Any CPU.ActiveCfg = Debug|Any CPU
		{AA3C2474-5FFC-45B8-8C23-CCE0E2DBD851}.Debug|Any CPU.Build.0 = Debug|Any CPU
		{AA3C2474-5FFC-45B8-8C23-CCE0E2DBD851}.Release|Any CPU.ActiveCfg = Release|Any CPU
		{AA3C2474-5FFC-45B8-8C23-CCE0E2DBD851}.Release|Any CPU.Build.0 = Release|Any CPU
		{D456B58D-3801-4B76-BE69-82A4FDB5A993}.Debug|Any CPU.ActiveCfg = Debug|Any CPU
		{D456B58D-3801-4B76-BE69-82A4FDB5A993}.Debug|Any CPU.Build.0 = Debug|Any CPU
		{D456B58D-3801-4B76-BE69-82A4FDB5A993}.Release|Any CPU.ActiveCfg = Release|Any CPU
		{D456B58D-3801-4B76-BE69-82A4FDB5A993}.Release|Any CPU.Build.0 = Release|Any CPU
		{F34542A8-0AAA-46C7-98DE-0DF72E9A7E2F}.Debug|Any CPU.ActiveCfg = Debug|Any CPU
		{F34542A8-0AAA-46C7-98DE-0DF72E9A7E2F}.Debug|Any CPU.Build.0 = Debug|Any CPU
		{F34542A8-0AAA-46C7-98DE-0DF72E9A7E2F}.Release|Any CPU.ActiveCfg = Release|Any CPU
		{F34542A8-0AAA-46C7-98DE-0DF72E9A7E2F}.Release|Any CPU.Build.0 = Release|Any CPU
		{149CE343-79C3-4AE2-B61E-51845872C151}.Debug|Any CPU.ActiveCfg = Debug|Any CPU
		{149CE343-79C3-4AE2-B61E-51845872C151}.Debug|Any CPU.Build.0 = Debug|Any CPU
		{149CE343-79C3-4AE2-B61E-51845872C151}.Release|Any CPU.ActiveCfg = Release|Any CPU
		{149CE343-79C3-4AE2-B61E-51845872C151}.Release|Any CPU.Build.0 = Release|Any CPU
		{AA330FB4-E2E1-4570-9ECD-65F8100E90D5}.Debug|Any CPU.ActiveCfg = Debug|Any CPU
		{AA330FB4-E2E1-4570-9ECD-65F8100E90D5}.Debug|Any CPU.Build.0 = Debug|Any CPU
		{AA330FB4-E2E1-4570-9ECD-65F8100E90D5}.Release|Any CPU.ActiveCfg = Release|Any CPU
		{AA330FB4-E2E1-4570-9ECD-65F8100E90D5}.Release|Any CPU.Build.0 = Release|Any CPU
		{5BE6607E-0B8C-441E-B80E-14236D377D08}.Debug|Any CPU.ActiveCfg = Debug|Any CPU
		{5BE6607E-0B8C-441E-B80E-14236D377D08}.Debug|Any CPU.Build.0 = Debug|Any CPU
		{5BE6607E-0B8C-441E-B80E-14236D377D08}.Release|Any CPU.ActiveCfg = Release|Any CPU
		{5BE6607E-0B8C-441E-B80E-14236D377D08}.Release|Any CPU.Build.0 = Release|Any CPU
		{D4526E9D-E808-4922-8841-96A03BB14650}.Debug|Any CPU.ActiveCfg = Debug|Any CPU
		{D4526E9D-E808-4922-8841-96A03BB14650}.Debug|Any CPU.Build.0 = Debug|Any CPU
		{D4526E9D-E808-4922-8841-96A03BB14650}.Release|Any CPU.ActiveCfg = Release|Any CPU
		{D4526E9D-E808-4922-8841-96A03BB14650}.Release|Any CPU.Build.0 = Release|Any CPU
		{E936CD37-FC1B-4D05-8BE7-B3F29EC393B1}.Debug|Any CPU.ActiveCfg = Debug|Any CPU
		{E936CD37-FC1B-4D05-8BE7-B3F29EC393B1}.Debug|Any CPU.Build.0 = Debug|Any CPU
		{E936CD37-FC1B-4D05-8BE7-B3F29EC393B1}.Release|Any CPU.ActiveCfg = Release|Any CPU
		{E936CD37-FC1B-4D05-8BE7-B3F29EC393B1}.Release|Any CPU.Build.0 = Release|Any CPU
		{8E106150-257D-45F1-84BD-FC7AAE39FF5B}.Debug|Any CPU.ActiveCfg = Debug|Any CPU
		{8E106150-257D-45F1-84BD-FC7AAE39FF5B}.Debug|Any CPU.Build.0 = Debug|Any CPU
		{8E106150-257D-45F1-84BD-FC7AAE39FF5B}.Release|Any CPU.ActiveCfg = Release|Any CPU
		{8E106150-257D-45F1-84BD-FC7AAE39FF5B}.Release|Any CPU.Build.0 = Release|Any CPU
		{9737100B-A415-4E7D-ABD1-0D2B89981F16}.Debug|Any CPU.ActiveCfg = Debug|Any CPU
		{9737100B-A415-4E7D-ABD1-0D2B89981F16}.Debug|Any CPU.Build.0 = Debug|Any CPU
		{9737100B-A415-4E7D-ABD1-0D2B89981F16}.Release|Any CPU.ActiveCfg = Release|Any CPU
		{9737100B-A415-4E7D-ABD1-0D2B89981F16}.Release|Any CPU.Build.0 = Release|Any CPU
		{CD0F3063-D5AC-4B78-BC99-729D6FDD7478}.Debug|Any CPU.ActiveCfg = Debug|Any CPU
		{CD0F3063-D5AC-4B78-BC99-729D6FDD7478}.Debug|Any CPU.Build.0 = Debug|Any CPU
		{CD0F3063-D5AC-4B78-BC99-729D6FDD7478}.Release|Any CPU.ActiveCfg = Release|Any CPU
		{CD0F3063-D5AC-4B78-BC99-729D6FDD7478}.Release|Any CPU.Build.0 = Release|Any CPU
		{EB3EC543-CB41-4E1A-9500-9AEF5C3BC0B7}.Debug|Any CPU.ActiveCfg = Debug|Any CPU
		{EB3EC543-CB41-4E1A-9500-9AEF5C3BC0B7}.Debug|Any CPU.Build.0 = Debug|Any CPU
		{EB3EC543-CB41-4E1A-9500-9AEF5C3BC0B7}.Release|Any CPU.ActiveCfg = Release|Any CPU
		{EB3EC543-CB41-4E1A-9500-9AEF5C3BC0B7}.Release|Any CPU.Build.0 = Release|Any CPU
	EndGlobalSection
	GlobalSection(SolutionProperties) = preSolution
		HideSolutionNode = FALSE
	EndGlobalSection
	GlobalSection(ExtensibilityGlobals) = postSolution
		SolutionGuid = {0A133EE0-88EE-4188-852D-959733E043CA}
	EndGlobalSection
EndGlobal
