
Microsoft Visual Studio Solution File, Format Version 12.00
# Visual Studio Version 17
VisualStudioVersion = 17.6.33829.357
MinimumVisualStudioVersion = 10.0.40219.1
Project("{FAE04EC0-301F-11D3-BF4B-00C04F79EFBC}") = "02_Lesson - Типы Данных", "Lesson 2 - Типы Данных\Lesson 2 Типы Данных\02_Lesson - Типы Данных.csproj", "{DEBC4CED-8964-455A-8DEB-6FEADAF2851F}"
EndProject
Project("{FAE04EC0-301F-11D3-BF4B-00C04F79EFBC}") = "01_Lesson - Первая программа", "Lesson 1 - Первая программа\Lesson 1 - Первая программа\01_Lesson - Первая программа.csproj", "{BEC8AD79-F534-495C-B1AD-C63EFDCCA555}"
EndProject
Project("{FAE04EC0-301F-11D3-BF4B-00C04F79EFBC}") = "03_Lesson - Переменные в языке", "Lesson 3 - Переменные в языке\Lesson 3 - Переменные в языке\03_Lesson - Переменные в языке.csproj", "{188BE1DF-C5E2-432A-A34B-B5B84F878235}"
EndProject
Project("{FAE04EC0-301F-11D3-BF4B-00C04F79EFBC}") = "04_Lesson - Ввод данных в консоль", "Lesson 4 - Ввод данных в консоль\Lesson 4 - Ввод данных в консоль\04_Lesson - Ввод данных в консоль.csproj", "{B1DC4F5A-1A96-4068-B1FA-2E78286AE2C4}"
EndProject
Project("{FAE04EC0-301F-11D3-BF4B-00C04F79EFBC}") = "05_Lesson - конвертация строки, класс Convert", "Lesson 5 - Конвертация строки, класс Convert\Lesson 5 - конвертация строки, класс Convert\05_Lesson - конвертация строки, класс Convert.csproj", "{57ACDCF4-1C18-4EDE-9F92-4BA2791B523C}"
EndProject
Project("{FAE04EC0-301F-11D3-BF4B-00C04F79EFBC}") = "06_Lesson - Конвертация строки parse и tryparse", "Lesson 6 - Конвертация строки parse и tryparse\Lesson 6 - Конвертация строки parse и tryparse\06_Lesson - Конвертация строки parse и tryparse.csproj", "{473B7C29-AD6F-41A3-BBF5-7F0D1968BE42}"
EndProject
Project("{FAE04EC0-301F-11D3-BF4B-00C04F79EFBC}") = "07_Lesson - Что делать если закрывается консоль", "Lesson 7 - Что делать если закрывается консоль\Lesson 7 - Что делать если закрывается консоль\07_Lesson - Что делать если закрывается консоль.csproj", "{29C3ECAE-8577-4D90-9DED-7F15E6760865}"
EndProject
Project("{FAE04EC0-301F-11D3-BF4B-00C04F79EFBC}") = "08_Lesson - Арифметические операции с числами", "Lesson 8 - Арифметические операции с числами\Lesson 8 - Арифметические операции с числами\08_Lesson - Арифметические операции с числами.csproj", "{2543A1D0-1B38-4E19-96E4-77E635CD768F}"
EndProject
Project("{FAE04EC0-301F-11D3-BF4B-00C04F79EFBC}") = "09_Lesson - Приоритет арифметических операций", "Lesson 9 - Приоритет арифметических операций\Lesson 9 - Приоритет арифметических операций\09_Lesson - Приоритет арифметических операций.csproj", "{BD9FA8EA-73BB-411C-B159-E73F57A9DCBA}"
EndProject
Project("{FAE04EC0-301F-11D3-BF4B-00C04F79EFBC}") = "10_Lesson - Несколько проектов в одном решении", "Lesson 10 - Несколько проектов в одном решении\Lesson 10 - Несколько проектов в одном решении\10_Lesson - Несколько проектов в одном решении.csproj", "{A7E7EEDE-05D5-4467-B092-5AACE88F5A90}"
EndProject
Project("{FAE04EC0-301F-11D3-BF4B-00C04F79EFBC}") = "08_Task Home 1 - Среднее арифметическое двух чисел", "Task Home 1 - Среднее арифметическое двух чисел\08_Task Home 1 - Среднее арифметическое двух чисел.csproj", "{F55F7A32-FC19-47A6-A9C1-07C5FEB2C394}"
EndProject
Project("{FAE04EC0-301F-11D3-BF4B-00C04F79EFBC}") = "11_Lesson - Инкремент и декремент. Постфиксный и префиксный", "Lesson 11 - Инкремент и декремент. Постфиксный и префиксный\11_Lesson - Инкремент и декремент. Постфиксный и префиксный.csproj", "{3D82C6D9-EFBC-4F51-9A40-76D19265D814}"
EndProject
Project("{FAE04EC0-301F-11D3-BF4B-00C04F79EFBC}") = "08_Task Home 2 - Введите три числа и выведите их произведение и суммы", "Task Home 2 - Введите три числа и выведите их произведение и суммы\08_Task Home 2 - Введите три числа и выведите их произведение и суммы.csproj", "{DA90C9B8-A37B-41F1-98E1-25EF68A3A3CC}"
EndProject
Project("{FAE04EC0-301F-11D3-BF4B-00C04F79EFBC}") = "08_Task Home 3 - Конвертер валюты", "Task Home 3 - Конвертер валюты\08_Task Home 3 - Конвертер валюты.csproj", "{45F5A326-539B-4E99-9A7A-5875EE60E13B}"
EndProject
Project("{FAE04EC0-301F-11D3-BF4B-00C04F79EFBC}") = "12_Lesson - Операторы сравнения. Операции сравнения", "Lesson 12 - Операторы сравнения. Операции сравнения\12_Lesson - Операторы сравнения. Операции сравнения.csproj", "{C3CDCFE1-7C6D-4122-9C0B-F82FAB30999E}"
EndProject
Project("{FAE04EC0-301F-11D3-BF4B-00C04F79EFBC}") = "13_Lesson - Конструкция if else", "Lesson 13 - Конструкция if else\13_Lesson - Конструкция if else.csproj", "{AB913711-B99C-4D68-B9EF-6D66C437F97A}"
EndProject
Project("{FAE04EC0-301F-11D3-BF4B-00C04F79EFBC}") = "14_Lesson - Сокращённые логические операции. Логические операторы", "Lesson 14 - Сокращённые логические операции. Логические операторы\14_Lesson - Сокращённые логические операции. Логические операторы.csproj", "{668DAC0A-01C5-4DD0-ACF3-0D4E9485F449}"
EndProject
Project("{FAE04EC0-301F-11D3-BF4B-00C04F79EFBC}") = "Task Home 4 - Проверка числа на чётность", "Task Home 4 - Проверка числа на чётность\Task Home 4 - Проверка числа на чётность.csproj", "{9124A33F-1F0D-4788-8CD8-156AE083D304}"
EndProject
Project("{FAE04EC0-301F-11D3-BF4B-00C04F79EFBC}") = "15_Lesson - Условный оператор множественного выбора switch", "Lesson 15 - Условный оператор множественного выбора switch\15_Lesson - Условный оператор множественного выбора switch.csproj", "{ACE8ABDC-0D05-4963-AFD8-CFF298A85A9C}"
EndProject
Project("{FAE04EC0-301F-11D3-BF4B-00C04F79EFBC}") = "Task Home 5 - Калькулятор Switch и на If Else", "Task Home 5 - Калькулятор Switch и на If Else\Task Home 5 - Калькулятор Switch и на If Else.csproj", "{C9595BDE-8D44-4EF8-8451-EBEEEE2E31D2}"
EndProject
Project("{FAE04EC0-301F-11D3-BF4B-00C04F79EFBC}") = "Lesson 18 - Цикл for", "Lesson 18 - Цикл for\Lesson 18 - Цикл for.csproj", "{608C0926-91C6-4B0C-B6BF-4AE25688AB70}"
EndProject
Project("{FAE04EC0-301F-11D3-BF4B-00C04F79EFBC}") = "Lesson 19 - Цикл for в обратном порядке", "Lesson 19 - Цикл for в обратном порядке\Lesson 19 - Цикл for в обратном порядке.csproj", "{EE26A5F9-9C69-470B-94C4-7F7DE42215B1}"
EndProject
Project("{FAE04EC0-301F-11D3-BF4B-00C04F79EFBC}") = "Lesson 20 - Ключевое слово break (оператор)", "Lesson 20 - Ключевое слово break (оператор)\Lesson 20 - Ключевое слово break (оператор).csproj", "{E962F366-B388-4EE4-B276-000F1B4B8052}"
EndProject
Project("{FAE04EC0-301F-11D3-BF4B-00C04F79EFBC}") = "Lesson 21 - Ключевое слово continue", "Lesson 21 - Ключевое слово continue\Lesson 21 - Ключевое слово continue.csproj", "{C8EB51D4-B80E-4227-9DC6-6E6D088F24BB}"
EndProject
Project("{FAE04EC0-301F-11D3-BF4B-00C04F79EFBC}") = "Lesson 22 - Вложенные циклы. Как работают", "Lesson 22 - Вложенные циклы. Как работают\Lesson 22 - Вложенные циклы. Как работают.csproj", "{542E79A5-E2AE-4446-AFF6-17D55EDA286D}"
EndProject
Project("{FAE04EC0-301F-11D3-BF4B-00C04F79EFBC}") = "Task Home 6 - Как нарисовать треугольник в консоли", "Task Home 6 - Как нарисовать треугольник в консоли\Task Home 6 - Как нарисовать треугольник в консоли.csproj", "{4FFDDB39-D141-4EEA-ACC3-767C5BE4D955}"
EndProject
Project("{FAE04EC0-301F-11D3-BF4B-00C04F79EFBC}") = "Lesson 23 - Тернарный оператор. Что это. Пример", "Lesson 23 - Тернарный оператор. Что это. Пример\Lesson 23 - Тернарный оператор. Что это. Пример.csproj", "{C3596099-8F86-47F2-BA83-EA56E3BC76D0}"
EndProject
Project("{FAE04EC0-301F-11D3-BF4B-00C04F79EFBC}") = "Lesson 24 - Что такое массивы. Одномерный массив. Примеры", "Lesson 24 - Что такое массивы. Одномерный массив. Примеры\Lesson 24 - Что такое массивы. Одномерный массив. Примеры.csproj", "{46607273-7BE4-41A6-90E5-ACFC1479A9AC}"
EndProject
Project("{FAE04EC0-301F-11D3-BF4B-00C04F79EFBC}") = "Lesson 25 - Инициализация массива. Способы", "Lesson 25 - Инициализация массива. Способы\Lesson 25 - Инициализация массива. Способы.csproj", "{F1F3121A-C3D9-46DB-A69E-CF810CD8A362}"
EndProject
Project("{FAE04EC0-301F-11D3-BF4B-00C04F79EFBC}") = "Lesson 26 - Вывод массива. Перебор массива. Массивы и циклы", "Lesson 26 - Вывод массива. Перебор массива. Массивы и циклы\Lesson 26 - Вывод массива. Перебор массива. Массивы и циклы.csproj", "{C0D360CD-3C06-45CC-A0B0-4A5AC0783320}"
EndProject
Project("{FAE04EC0-301F-11D3-BF4B-00C04F79EFBC}") = "Lesson 27 - Как работать с массивами на самом деле", "Lesson 27 - Как работать с массивами на самом деле\Lesson 27 - Как работать с массивами на самом деле.csproj", "{027E7BEF-CE49-4672-93CD-9F3F4471B92A}"
EndProject
Project("{FAE04EC0-301F-11D3-BF4B-00C04F79EFBC}") = "Lesson 29 - Многомерные массивы. Двумерный прямоугольный массив", "Lesson 29 - Многомерные массивы. Двумерный прямоугольный массив\Lesson 29 - Многомерные массивы. Двумерный прямоугольный массив.csproj", "{E85F79E9-98D3-4451-9CF9-163631DBB6AF}"
EndProject
Project("{FAE04EC0-301F-11D3-BF4B-00C04F79EFBC}") = "Lesson 30 - Двумерный массив. Объявление. Инициализация. Индексы", "Lesson 30 - Двумерный массив. Объявление. Инициализация. Индексы\Lesson 30 - Двумерный массив. Объявление. Инициализация. Индексы.csproj", "{31F0D7A5-6BDF-49BD-B2A7-3BB7879213BB}"
EndProject
Project("{FAE04EC0-301F-11D3-BF4B-00C04F79EFBC}") = "Lesson 31 - Вывод двумерного массива", "Lesson 31 - Вывод двумерного массива\Lesson 31 - Вывод двумерного массива.csproj", "{8A4C8531-FC1F-4BE9-9625-B359984F0CEB}"
EndProject
Project("{FAE04EC0-301F-11D3-BF4B-00C04F79EFBC}") = "Lesson 32 - Заполнение двумерного масива, случайными числами", "Lesson 32 - Заполнение двумерного масива, случайными числами\Lesson 32 - Заполнение двумерного масива, случайными числами.csproj", "{78D5B5FF-0681-49E1-9752-B4AB395A47AB}"
EndProject
Project("{FAE04EC0-301F-11D3-BF4B-00C04F79EFBC}") = "Lesson 33 - Ступенчатые (зубчатые) массивы", "Lesson 33 - Ступенчатые (зубчатые) массивы\Lesson 33 - Ступенчатые (зубчатые) массивы.csproj", "{9AA9A703-8243-4EAE-B022-EE2FF4027A85}"
EndProject
Project("{FAE04EC0-301F-11D3-BF4B-00C04F79EFBC}") = "Lesson 34 - Трехмерные массивы, многомерные массивы любой мерности", "Lesson 34 - Трехмерные массивы, многомерные массивы любой мерности\Lesson 34 - Трехмерные массивы, многомерные массивы любой мерности.csproj", "{AA3C2474-5FFC-45B8-8C23-CCE0E2DBD851}"
EndProject
Project("{FAE04EC0-301F-11D3-BF4B-00C04F79EFBC}") = "Lesson 35 - Функции и методы, что это, примеры", "Lesson 35 - Функции и методы, что это, примеры\Lesson 35 - Функции и методы, что это, примеры.csproj", "{D456B58D-3801-4B76-BE69-82A4FDB5A993}"
EndProject
Project("{FAE04EC0-301F-11D3-BF4B-00C04F79EFBC}") = "Lesson 36  - Перегрузка методов", "Lesson 36  - Перегрузка методов\Lesson 36  - Перегрузка методов.csproj", "{F34542A8-0AAA-46C7-98DE-0DF72E9A7E2F}"
EndProject
Project("{FAE04EC0-301F-11D3-BF4B-00C04F79EFBC}") = "Lesson 37  - Область видимости, контекст переменной, конфликт областей", "Lesson 37  - Область видимости, контекст переменной, конфликт областей\Lesson 37  - Область видимости, контекст переменной, конфликт областей.csproj", "{149CE343-79C3-4AE2-B61E-51845872C151}"
EndProject
Project("{FAE04EC0-301F-11D3-BF4B-00C04F79EFBC}") = "Lesson 38  - Ссылочные и значимые типы, стек и куча", "Lesson 38  - Ссылочные и значимые типы, стек и куча\Lesson 38  - Ссылочные и значимые типы, стек и куча.csproj", "{AA330FB4-E2E1-4570-9ECD-65F8100E90D5}"
EndProject
Project("{FAE04EC0-301F-11D3-BF4B-00C04F79EFBC}") = "Lesson 39 - Что такое NULL", "Lesson 39 - Что такое NULL\Lesson 39 - Что такое NULL.csproj", "{5BE6607E-0B8C-441E-B80E-14236D377D08}"
EndProject
Project("{FAE04EC0-301F-11D3-BF4B-00C04F79EFBC}") = "Lesson 40 - Оператор объекдинения с  NULL", "Lesson 40 - Оператор объекдинения с  NULL\Lesson 40 - Оператор объекдинения с  NULL.csproj", "{D4526E9D-E808-4922-8841-96A03BB14650}"
EndProject
Project("{FAE04EC0-301F-11D3-BF4B-00C04F79EFBC}") = "Lesson 40_wf - Оператор объекдинения с  NULL", "Lesson 40_wf - Оператор объекдинения с  NULL\Lesson 40_wf - Оператор объекдинения с  NULL.csproj", "{E936CD37-FC1B-4D05-8BE7-B3F29EC393B1}"
EndProject
Project("{FAE04EC0-301F-11D3-BF4B-00C04F79EFBC}") = "Lesson 41 - Оператор присваивания объединения со значением NULL", "Lesson 41 - Оператор присваивания объединения со значением NULL\Lesson 41 - Оператор присваивания объединения со значением NULL.csproj", "{8E106150-257D-45F1-84BD-FC7AAE39FF5B}"
EndProject
Project("{FAE04EC0-301F-11D3-BF4B-00C04F79EFBC}") = "Lesson 42 - Оператор условного NULL", "Lesson 42 - Оператор условного NULL\Lesson 42 - Оператор условного NULL.csproj", "{9737100B-A415-4E7D-ABD1-0D2B89981F16}"
EndProject
Project("{FAE04EC0-301F-11D3-BF4B-00C04F79EFBC}") = "Lesson 42_2 - Example 1 - Оператор условного NULL", "Lesson 42_2 - Example 1 - Оператор условного NULL\Lesson 42_2 - Example 1 - Оператор условного NULL.csproj", "{CD0F3063-D5AC-4B78-BC99-729D6FDD7478}"
EndProject
Project("{FAE04EC0-301F-11D3-BF4B-00C04F79EFBC}") = "Lesson 43 - Ключевое слово ref, что это и предназначение", "Lesson 43 - Ключевое слово ref, что это и предназначение\Lesson 43 - Ключевое слово ref, что это и предназначение.csproj", "{EB3EC543-CB41-4E1A-9500-9AEF5C3BC0B7}"
EndProject
Project("{FAE04EC0-301F-11D3-BF4B-00C04F79EFBC}") = "Lesson 44 - Ключевое слово out, разница out и ref", "Lesson 44 - Ключевое слово out, разница out и ref\Lesson 44 - Ключевое слово out, разница out и ref.csproj", "{ACE28A2C-EB6B-4244-B493-DD99867CB90D}"
EndProject
Project("{FAE04EC0-301F-11D3-BF4B-00C04F79EFBC}") = "Lesson 45 - Модификатор in, разница in ref и out", "Lesson 45 - Модификатор in, разница in ref и out\Lesson 45 - Модификатор in, разница in ref и out.csproj", "{BFE4216D-7D2E-416A-834D-43AA1C639524}"
EndProject
Project("{FAE04EC0-301F-11D3-BF4B-00C04F79EFBC}") = "Lesson 46 - Ключевое слово params", "Lesson 46 - Ключевое слово params\Lesson 46 - Ключевое слово params.csproj", "{69B61D89-B578-4F07-9DD5-7204D4F682BD}"
EndProject
Project("{FAE04EC0-301F-11D3-BF4B-00C04F79EFBC}") = "Lesson 47 - Необязательные параметры метода (параметры по умолчанию)", "Lesson 47 - Необязательные параметры метода (параметры по умолчанию)\Lesson 47 - Необязательные параметры метода (параметры по умолчанию).csproj", "{9B7F8691-E337-4CA4-9E24-46EF69803734}"
EndProject
Project("{FAE04EC0-301F-11D3-BF4B-00C04F79EFBC}") = "Lesson 48 - Именнованные параметры", "Lesson 48 - Именнованные параметры\Lesson 48 - Именнованные параметры.csproj", "{A3DCBFE2-2D22-4464-9F15-3D71EDBB5F4D}"
EndProject
Project("{FAE04EC0-301F-11D3-BF4B-00C04F79EFBC}") = "Lesson 49 - Что такое рекурсия, переполнение стека", "Lesson 49 - Что такое рекурсия, переполнение стека\Lesson 49 - Что такое рекурсия, переполнение стека.csproj", "{AE6951C4-54B0-4EC4-8E52-8BF73EF1766C}"
EndProject
Project("{FAE04EC0-301F-11D3-BF4B-00C04F79EFBC}") = "Lesson 50 - Преобразование и приведение, явное и неявное", "Lesson 50 - Преобразование и приведение, явное и неявное\Lesson 50 - Преобразование и приведение, явное и неявное.csproj", "{4E053D6F-23F8-4262-8331-7852E8788FB2}"
EndProject
Project("{FAE04EC0-301F-11D3-BF4B-00C04F79EFBC}") = "Lesson 51 - Арифметическое переполнение, checked unchecked", "Lesson 51 - Арифметическое переполнение, checked unchecked\Lesson 51 - Арифметическое переполнение, checked unchecked.csproj", "{768CA07B-FAC9-4233-BB4A-E522E5CED0FA}"
EndProject
Project("{FAE04EC0-301F-11D3-BF4B-00C04F79EFBC}") = "Lesson 52 - Что такое Nullable, Null совместимые значимые типы Nullable", "Lesson 52 - Что такое Nullable, Null совместимые значимые типы Nullable\Lesson 52 - Что такое Nullable, Null совместимые значимые типы Nullable.csproj", "{B2FBBA96-D2CA-4051-A9FF-36D4FD2FE1BC}"
EndProject
Project("{FAE04EC0-301F-11D3-BF4B-00C04F79EFBC}") = "Lesson 53 - var . Это не тип данных. Неявно типизированные переменные", "Lesson 53 - var . Это не тип данных. Неявно типизированные переменные\Lesson 53 - var . Это не тип данных. Неявно типизированные переменные.csproj", "{E927DC0E-7736-47FF-B661-96534265380B}"
EndProject
Project("{FAE04EC0-301F-11D3-BF4B-00C04F79EFBC}") = "Lesson 54 - enum, что это, и для чего нужно - перечисления", "Lesson 54 - enum, что это, и для чего нужно - перечисления\Lesson 54 - enum, что это, и для чего нужно - перечисления.csproj", "{56F7519C-2D4F-4939-B7DB-295EC0BDBF6C}"
EndProject
Project("{FAE04EC0-301F-11D3-BF4B-00C04F79EFBC}") = "Lesson 55 - Что такое КЛАСС - ООП, объект, экземпляр класса", "Lesson 55 - Что такое КЛАСС - ООП, объект, экземпляр класса\Lesson 55 - Что такое КЛАСС - ООП, объект, экземпляр класса.csproj", "{730EDE55-501D-4A60-B7E8-F6ADC743159C}"
EndProject
Project("{FAE04EC0-301F-11D3-BF4B-00C04F79EFBC}") = "Lesson 56 - Методы и классы, ООП, вызов метода объекта класса", "Lesson 56 - Методы и классы, ООП, вызов метода объекта класса\Lesson 56 - Методы и классы, ООП, вызов метода объекта класса.csproj", "{E6B73F3E-92DD-4737-8FF8-A78B97CB387C}"
EndProject
Project("{FAE04EC0-301F-11D3-BF4B-00C04F79EFBC}") = "Lesson 57 - Модификаторы доступа, public, protected, private", "Lesson 57 - Модификаторы доступа, public, protected, private\Lesson 57 - Модификаторы доступа, public, protected, private.csproj", "{3378E01F-43A7-4F27-8944-2FF46C35C4F0}"
EndProject
Project("{FAE04EC0-301F-11D3-BF4B-00C04F79EFBC}") = "Lesson 58 - ИНКАПСУЛЯЦИЯ, примеры", "Lesson 58 - ИНКАПСУЛЯЦИЯ, примеры\Lesson 58 - ИНКАПСУЛЯЦИЯ, примеры.csproj", "{2107BF8F-95A9-4A7A-9CB0-F676E59A887A}"
EndProject
Project("{FAE04EC0-301F-11D3-BF4B-00C04F79EFBC}") = "Lesson 59 - Что такое конструктор класса, для чего, по умолчанию", "Lesson 59 - Что такое конструктор класса, для чего, по умолчанию\Lesson 59 - Что такое конструктор класса, для чего, по умолчанию.csproj", "{90FB198E-A723-4127-B38F-6F3FE2180AED}"
EndProject
Project("{FAE04EC0-301F-11D3-BF4B-00C04F79EFBC}") = "Lesson 60 - Перегрузка конструкторов класса, что это", "Lesson 60 - Перегрузка конструкторов класса, что это\Lesson 60 - Перегрузка конструкторов класса, что это.csproj", "{0A6CE006-5DFA-4478-8ADC-3CA0F16CACBA}"
EndProject
Project("{FAE04EC0-301F-11D3-BF4B-00C04F79EFBC}") = "Lesson 61 - Ключевое слово this, this в конструкторе", "Lesson 61 - Ключевое слово this, this в конструкторе\Lesson 61 - Ключевое слово this, this в конструкторе.csproj", "{A450AABD-15BC-433E-B9B9-9D91BF5F4BFA}"
EndProject
Project("{FAE04EC0-301F-11D3-BF4B-00C04F79EFBC}") = "Lesson 62 - Свойства get, set ключевое слово value, авто-свойства", "Lesson 62 - Свойства get, set ключевое слово value, авто-свойства\Lesson 62 - Свойства get, set ключевое слово value, авто-свойства.csproj", "{D32F4616-1733-4491-81C6-D77F975DF171}"
EndProject
Project("{FAE04EC0-301F-11D3-BF4B-00C04F79EFBC}") = "Lesson 63 - Статические поля класса, ключевое слово static", "Lesson 63 - Статические поля класса, ключевое слово static\Lesson 63 - Статические поля класса, ключевое слово static.csproj", "{CAD89597-A781-491C-9B95-0C2D6DA3C70B}"
EndProject
Project("{FAE04EC0-301F-11D3-BF4B-00C04F79EFBC}") = "Lesson 64 - Статические методы, свойства, работа static", "Lesson 64 - Статические методы, свойства, работа static\Lesson 64 - Статические методы, свойства, работа static.csproj", "{C203E2FB-EEB4-4496-9BC2-2951920CDD56}"
EndProject
Project("{FAE04EC0-301F-11D3-BF4B-00C04F79EFBC}") = "Lesson 65 - Статический конструктор, как работает ключ. слово static", "Lesson 65 - Статический конструктор, как работает ключ. слово static\Lesson 65 - Статический конструктор, как работает ключ. слово static.csproj", "{FDD50EA7-65F8-459D-9266-51E229757B78}"
EndProject
Project("{FAE04EC0-301F-11D3-BF4B-00C04F79EFBC}") = "Lesson 66 - Статический класс", "Lesson 66 - Статический класс\Lesson 66 - Статический класс.csproj", "{78912F30-35BD-411C-8CA9-49A2A3726745}"
EndProject
Project("{FAE04EC0-301F-11D3-BF4B-00C04F79EFBC}") = "Lesson 67 - Методы расширения, extension", "Lesson 67 - Методы расширения, extension\Lesson 67 - Методы расширения, extension.csproj", "{885DA3AA-3B3C-43EC-823D-A0B73D359B6A}"
EndProject
Project("{FAE04EC0-301F-11D3-BF4B-00C04F79EFBC}") = "Lesson 68 - partial класс, частичные типы, partial методы", "Lesson 68 - partial класс, частичные типы, partial методы\Lesson 68 - partial класс, частичные типы, partial методы.csproj", "{A3011C15-258D-4A62-B01B-91EFEEA9C936}"
EndProject
Global
	GlobalSection(SolutionConfigurationPlatforms) = preSolution
		Debug|Any CPU = Debug|Any CPU
		Release|Any CPU = Release|Any CPU
	EndGlobalSection
	GlobalSection(ProjectConfigurationPlatforms) = postSolution
		{DEBC4CED-8964-455A-8DEB-6FEADAF2851F}.Debug|Any CPU.ActiveCfg = Debug|Any CPU
		{DEBC4CED-8964-455A-8DEB-6FEADAF2851F}.Debug|Any CPU.Build.0 = Debug|Any CPU
		{DEBC4CED-8964-455A-8DEB-6FEADAF2851F}.Release|Any CPU.ActiveCfg = Release|Any CPU
		{DEBC4CED-8964-455A-8DEB-6FEADAF2851F}.Release|Any CPU.Build.0 = Release|Any CPU
		{BEC8AD79-F534-495C-B1AD-C63EFDCCA555}.Debug|Any CPU.ActiveCfg = Debug|Any CPU
		{BEC8AD79-F534-495C-B1AD-C63EFDCCA555}.Debug|Any CPU.Build.0 = Debug|Any CPU
		{BEC8AD79-F534-495C-B1AD-C63EFDCCA555}.Release|Any CPU.ActiveCfg = Release|Any CPU
		{BEC8AD79-F534-495C-B1AD-C63EFDCCA555}.Release|Any CPU.Build.0 = Release|Any CPU
		{188BE1DF-C5E2-432A-A34B-B5B84F878235}.Debug|Any CPU.ActiveCfg = Debug|Any CPU
		{188BE1DF-C5E2-432A-A34B-B5B84F878235}.Debug|Any CPU.Build.0 = Debug|Any CPU
		{188BE1DF-C5E2-432A-A34B-B5B84F878235}.Release|Any CPU.ActiveCfg = Release|Any CPU
		{188BE1DF-C5E2-432A-A34B-B5B84F878235}.Release|Any CPU.Build.0 = Release|Any CPU
		{B1DC4F5A-1A96-4068-B1FA-2E78286AE2C4}.Debug|Any CPU.ActiveCfg = Debug|Any CPU
		{B1DC4F5A-1A96-4068-B1FA-2E78286AE2C4}.Debug|Any CPU.Build.0 = Debug|Any CPU
		{B1DC4F5A-1A96-4068-B1FA-2E78286AE2C4}.Release|Any CPU.ActiveCfg = Release|Any CPU
		{B1DC4F5A-1A96-4068-B1FA-2E78286AE2C4}.Release|Any CPU.Build.0 = Release|Any CPU
		{57ACDCF4-1C18-4EDE-9F92-4BA2791B523C}.Debug|Any CPU.ActiveCfg = Debug|Any CPU
		{57ACDCF4-1C18-4EDE-9F92-4BA2791B523C}.Debug|Any CPU.Build.0 = Debug|Any CPU
		{57ACDCF4-1C18-4EDE-9F92-4BA2791B523C}.Release|Any CPU.ActiveCfg = Release|Any CPU
		{57ACDCF4-1C18-4EDE-9F92-4BA2791B523C}.Release|Any CPU.Build.0 = Release|Any CPU
		{473B7C29-AD6F-41A3-BBF5-7F0D1968BE42}.Debug|Any CPU.ActiveCfg = Debug|Any CPU
		{473B7C29-AD6F-41A3-BBF5-7F0D1968BE42}.Debug|Any CPU.Build.0 = Debug|Any CPU
		{473B7C29-AD6F-41A3-BBF5-7F0D1968BE42}.Release|Any CPU.ActiveCfg = Release|Any CPU
		{473B7C29-AD6F-41A3-BBF5-7F0D1968BE42}.Release|Any CPU.Build.0 = Release|Any CPU
		{29C3ECAE-8577-4D90-9DED-7F15E6760865}.Debug|Any CPU.ActiveCfg = Debug|Any CPU
		{29C3ECAE-8577-4D90-9DED-7F15E6760865}.Debug|Any CPU.Build.0 = Debug|Any CPU
		{29C3ECAE-8577-4D90-9DED-7F15E6760865}.Release|Any CPU.ActiveCfg = Release|Any CPU
		{29C3ECAE-8577-4D90-9DED-7F15E6760865}.Release|Any CPU.Build.0 = Release|Any CPU
		{2543A1D0-1B38-4E19-96E4-77E635CD768F}.Debug|Any CPU.ActiveCfg = Debug|Any CPU
		{2543A1D0-1B38-4E19-96E4-77E635CD768F}.Debug|Any CPU.Build.0 = Debug|Any CPU
		{2543A1D0-1B38-4E19-96E4-77E635CD768F}.Release|Any CPU.ActiveCfg = Release|Any CPU
		{2543A1D0-1B38-4E19-96E4-77E635CD768F}.Release|Any CPU.Build.0 = Release|Any CPU
		{BD9FA8EA-73BB-411C-B159-E73F57A9DCBA}.Debug|Any CPU.ActiveCfg = Debug|Any CPU
		{BD9FA8EA-73BB-411C-B159-E73F57A9DCBA}.Debug|Any CPU.Build.0 = Debug|Any CPU
		{BD9FA8EA-73BB-411C-B159-E73F57A9DCBA}.Release|Any CPU.ActiveCfg = Release|Any CPU
		{BD9FA8EA-73BB-411C-B159-E73F57A9DCBA}.Release|Any CPU.Build.0 = Release|Any CPU
		{A7E7EEDE-05D5-4467-B092-5AACE88F5A90}.Debug|Any CPU.ActiveCfg = Debug|Any CPU
		{A7E7EEDE-05D5-4467-B092-5AACE88F5A90}.Debug|Any CPU.Build.0 = Debug|Any CPU
		{A7E7EEDE-05D5-4467-B092-5AACE88F5A90}.Release|Any CPU.ActiveCfg = Release|Any CPU
		{A7E7EEDE-05D5-4467-B092-5AACE88F5A90}.Release|Any CPU.Build.0 = Release|Any CPU
		{F55F7A32-FC19-47A6-A9C1-07C5FEB2C394}.Debug|Any CPU.ActiveCfg = Debug|Any CPU
		{F55F7A32-FC19-47A6-A9C1-07C5FEB2C394}.Debug|Any CPU.Build.0 = Debug|Any CPU
		{F55F7A32-FC19-47A6-A9C1-07C5FEB2C394}.Release|Any CPU.ActiveCfg = Release|Any CPU
		{F55F7A32-FC19-47A6-A9C1-07C5FEB2C394}.Release|Any CPU.Build.0 = Release|Any CPU
		{3D82C6D9-EFBC-4F51-9A40-76D19265D814}.Debug|Any CPU.ActiveCfg = Debug|Any CPU
		{3D82C6D9-EFBC-4F51-9A40-76D19265D814}.Debug|Any CPU.Build.0 = Debug|Any CPU
		{3D82C6D9-EFBC-4F51-9A40-76D19265D814}.Release|Any CPU.ActiveCfg = Release|Any CPU
		{3D82C6D9-EFBC-4F51-9A40-76D19265D814}.Release|Any CPU.Build.0 = Release|Any CPU
		{DA90C9B8-A37B-41F1-98E1-25EF68A3A3CC}.Debug|Any CPU.ActiveCfg = Debug|Any CPU
		{DA90C9B8-A37B-41F1-98E1-25EF68A3A3CC}.Debug|Any CPU.Build.0 = Debug|Any CPU
		{DA90C9B8-A37B-41F1-98E1-25EF68A3A3CC}.Release|Any CPU.ActiveCfg = Release|Any CPU
		{DA90C9B8-A37B-41F1-98E1-25EF68A3A3CC}.Release|Any CPU.Build.0 = Release|Any CPU
		{45F5A326-539B-4E99-9A7A-5875EE60E13B}.Debug|Any CPU.ActiveCfg = Debug|Any CPU
		{45F5A326-539B-4E99-9A7A-5875EE60E13B}.Debug|Any CPU.Build.0 = Debug|Any CPU
		{45F5A326-539B-4E99-9A7A-5875EE60E13B}.Release|Any CPU.ActiveCfg = Release|Any CPU
		{45F5A326-539B-4E99-9A7A-5875EE60E13B}.Release|Any CPU.Build.0 = Release|Any CPU
		{C3CDCFE1-7C6D-4122-9C0B-F82FAB30999E}.Debug|Any CPU.ActiveCfg = Debug|Any CPU
		{C3CDCFE1-7C6D-4122-9C0B-F82FAB30999E}.Debug|Any CPU.Build.0 = Debug|Any CPU
		{C3CDCFE1-7C6D-4122-9C0B-F82FAB30999E}.Release|Any CPU.ActiveCfg = Release|Any CPU
		{C3CDCFE1-7C6D-4122-9C0B-F82FAB30999E}.Release|Any CPU.Build.0 = Release|Any CPU
		{AB913711-B99C-4D68-B9EF-6D66C437F97A}.Debug|Any CPU.ActiveCfg = Debug|Any CPU
		{AB913711-B99C-4D68-B9EF-6D66C437F97A}.Debug|Any CPU.Build.0 = Debug|Any CPU
		{AB913711-B99C-4D68-B9EF-6D66C437F97A}.Release|Any CPU.ActiveCfg = Release|Any CPU
		{AB913711-B99C-4D68-B9EF-6D66C437F97A}.Release|Any CPU.Build.0 = Release|Any CPU
		{668DAC0A-01C5-4DD0-ACF3-0D4E9485F449}.Debug|Any CPU.ActiveCfg = Debug|Any CPU
		{668DAC0A-01C5-4DD0-ACF3-0D4E9485F449}.Debug|Any CPU.Build.0 = Debug|Any CPU
		{668DAC0A-01C5-4DD0-ACF3-0D4E9485F449}.Release|Any CPU.ActiveCfg = Release|Any CPU
		{668DAC0A-01C5-4DD0-ACF3-0D4E9485F449}.Release|Any CPU.Build.0 = Release|Any CPU
		{9124A33F-1F0D-4788-8CD8-156AE083D304}.Debug|Any CPU.ActiveCfg = Debug|Any CPU
		{9124A33F-1F0D-4788-8CD8-156AE083D304}.Debug|Any CPU.Build.0 = Debug|Any CPU
		{9124A33F-1F0D-4788-8CD8-156AE083D304}.Release|Any CPU.ActiveCfg = Release|Any CPU
		{9124A33F-1F0D-4788-8CD8-156AE083D304}.Release|Any CPU.Build.0 = Release|Any CPU
		{ACE8ABDC-0D05-4963-AFD8-CFF298A85A9C}.Debug|Any CPU.ActiveCfg = Debug|Any CPU
		{ACE8ABDC-0D05-4963-AFD8-CFF298A85A9C}.Debug|Any CPU.Build.0 = Debug|Any CPU
		{ACE8ABDC-0D05-4963-AFD8-CFF298A85A9C}.Release|Any CPU.ActiveCfg = Release|Any CPU
		{ACE8ABDC-0D05-4963-AFD8-CFF298A85A9C}.Release|Any CPU.Build.0 = Release|Any CPU
		{C9595BDE-8D44-4EF8-8451-EBEEEE2E31D2}.Debug|Any CPU.ActiveCfg = Debug|Any CPU
		{C9595BDE-8D44-4EF8-8451-EBEEEE2E31D2}.Debug|Any CPU.Build.0 = Debug|Any CPU
		{C9595BDE-8D44-4EF8-8451-EBEEEE2E31D2}.Release|Any CPU.ActiveCfg = Release|Any CPU
		{C9595BDE-8D44-4EF8-8451-EBEEEE2E31D2}.Release|Any CPU.Build.0 = Release|Any CPU
		{608C0926-91C6-4B0C-B6BF-4AE25688AB70}.Debug|Any CPU.ActiveCfg = Debug|Any CPU
		{608C0926-91C6-4B0C-B6BF-4AE25688AB70}.Debug|Any CPU.Build.0 = Debug|Any CPU
		{608C0926-91C6-4B0C-B6BF-4AE25688AB70}.Release|Any CPU.ActiveCfg = Release|Any CPU
		{608C0926-91C6-4B0C-B6BF-4AE25688AB70}.Release|Any CPU.Build.0 = Release|Any CPU
		{EE26A5F9-9C69-470B-94C4-7F7DE42215B1}.Debug|Any CPU.ActiveCfg = Debug|Any CPU
		{EE26A5F9-9C69-470B-94C4-7F7DE42215B1}.Debug|Any CPU.Build.0 = Debug|Any CPU
		{EE26A5F9-9C69-470B-94C4-7F7DE42215B1}.Release|Any CPU.ActiveCfg = Release|Any CPU
		{EE26A5F9-9C69-470B-94C4-7F7DE42215B1}.Release|Any CPU.Build.0 = Release|Any CPU
		{E962F366-B388-4EE4-B276-000F1B4B8052}.Debug|Any CPU.ActiveCfg = Debug|Any CPU
		{E962F366-B388-4EE4-B276-000F1B4B8052}.Debug|Any CPU.Build.0 = Debug|Any CPU
		{E962F366-B388-4EE4-B276-000F1B4B8052}.Release|Any CPU.ActiveCfg = Release|Any CPU
		{E962F366-B388-4EE4-B276-000F1B4B8052}.Release|Any CPU.Build.0 = Release|Any CPU
		{C8EB51D4-B80E-4227-9DC6-6E6D088F24BB}.Debug|Any CPU.ActiveCfg = Debug|Any CPU
		{C8EB51D4-B80E-4227-9DC6-6E6D088F24BB}.Debug|Any CPU.Build.0 = Debug|Any CPU
		{C8EB51D4-B80E-4227-9DC6-6E6D088F24BB}.Release|Any CPU.ActiveCfg = Release|Any CPU
		{C8EB51D4-B80E-4227-9DC6-6E6D088F24BB}.Release|Any CPU.Build.0 = Release|Any CPU
		{542E79A5-E2AE-4446-AFF6-17D55EDA286D}.Debug|Any CPU.ActiveCfg = Debug|Any CPU
		{542E79A5-E2AE-4446-AFF6-17D55EDA286D}.Debug|Any CPU.Build.0 = Debug|Any CPU
		{542E79A5-E2AE-4446-AFF6-17D55EDA286D}.Release|Any CPU.ActiveCfg = Release|Any CPU
		{542E79A5-E2AE-4446-AFF6-17D55EDA286D}.Release|Any CPU.Build.0 = Release|Any CPU
		{4FFDDB39-D141-4EEA-ACC3-767C5BE4D955}.Debug|Any CPU.ActiveCfg = Debug|Any CPU
		{4FFDDB39-D141-4EEA-ACC3-767C5BE4D955}.Debug|Any CPU.Build.0 = Debug|Any CPU
		{4FFDDB39-D141-4EEA-ACC3-767C5BE4D955}.Release|Any CPU.ActiveCfg = Release|Any CPU
		{4FFDDB39-D141-4EEA-ACC3-767C5BE4D955}.Release|Any CPU.Build.0 = Release|Any CPU
		{C3596099-8F86-47F2-BA83-EA56E3BC76D0}.Debug|Any CPU.ActiveCfg = Debug|Any CPU
		{C3596099-8F86-47F2-BA83-EA56E3BC76D0}.Debug|Any CPU.Build.0 = Debug|Any CPU
		{C3596099-8F86-47F2-BA83-EA56E3BC76D0}.Release|Any CPU.ActiveCfg = Release|Any CPU
		{C3596099-8F86-47F2-BA83-EA56E3BC76D0}.Release|Any CPU.Build.0 = Release|Any CPU
		{46607273-7BE4-41A6-90E5-ACFC1479A9AC}.Debug|Any CPU.ActiveCfg = Debug|Any CPU
		{46607273-7BE4-41A6-90E5-ACFC1479A9AC}.Debug|Any CPU.Build.0 = Debug|Any CPU
		{46607273-7BE4-41A6-90E5-ACFC1479A9AC}.Release|Any CPU.ActiveCfg = Release|Any CPU
		{46607273-7BE4-41A6-90E5-ACFC1479A9AC}.Release|Any CPU.Build.0 = Release|Any CPU
		{F1F3121A-C3D9-46DB-A69E-CF810CD8A362}.Debug|Any CPU.ActiveCfg = Debug|Any CPU
		{F1F3121A-C3D9-46DB-A69E-CF810CD8A362}.Debug|Any CPU.Build.0 = Debug|Any CPU
		{F1F3121A-C3D9-46DB-A69E-CF810CD8A362}.Release|Any CPU.ActiveCfg = Release|Any CPU
		{F1F3121A-C3D9-46DB-A69E-CF810CD8A362}.Release|Any CPU.Build.0 = Release|Any CPU
		{C0D360CD-3C06-45CC-A0B0-4A5AC0783320}.Debug|Any CPU.ActiveCfg = Debug|Any CPU
		{C0D360CD-3C06-45CC-A0B0-4A5AC0783320}.Debug|Any CPU.Build.0 = Debug|Any CPU
		{C0D360CD-3C06-45CC-A0B0-4A5AC0783320}.Release|Any CPU.ActiveCfg = Release|Any CPU
		{C0D360CD-3C06-45CC-A0B0-4A5AC0783320}.Release|Any CPU.Build.0 = Release|Any CPU
		{027E7BEF-CE49-4672-93CD-9F3F4471B92A}.Debug|Any CPU.ActiveCfg = Debug|Any CPU
		{027E7BEF-CE49-4672-93CD-9F3F4471B92A}.Debug|Any CPU.Build.0 = Debug|Any CPU
		{027E7BEF-CE49-4672-93CD-9F3F4471B92A}.Release|Any CPU.ActiveCfg = Release|Any CPU
		{027E7BEF-CE49-4672-93CD-9F3F4471B92A}.Release|Any CPU.Build.0 = Release|Any CPU
		{E85F79E9-98D3-4451-9CF9-163631DBB6AF}.Debug|Any CPU.ActiveCfg = Debug|Any CPU
		{E85F79E9-98D3-4451-9CF9-163631DBB6AF}.Debug|Any CPU.Build.0 = Debug|Any CPU
		{E85F79E9-98D3-4451-9CF9-163631DBB6AF}.Release|Any CPU.ActiveCfg = Release|Any CPU
		{E85F79E9-98D3-4451-9CF9-163631DBB6AF}.Release|Any CPU.Build.0 = Release|Any CPU
		{31F0D7A5-6BDF-49BD-B2A7-3BB7879213BB}.Debug|Any CPU.ActiveCfg = Debug|Any CPU
		{31F0D7A5-6BDF-49BD-B2A7-3BB7879213BB}.Debug|Any CPU.Build.0 = Debug|Any CPU
		{31F0D7A5-6BDF-49BD-B2A7-3BB7879213BB}.Release|Any CPU.ActiveCfg = Release|Any CPU
		{31F0D7A5-6BDF-49BD-B2A7-3BB7879213BB}.Release|Any CPU.Build.0 = Release|Any CPU
		{8A4C8531-FC1F-4BE9-9625-B359984F0CEB}.Debug|Any CPU.ActiveCfg = Debug|Any CPU
		{8A4C8531-FC1F-4BE9-9625-B359984F0CEB}.Debug|Any CPU.Build.0 = Debug|Any CPU
		{8A4C8531-FC1F-4BE9-9625-B359984F0CEB}.Release|Any CPU.ActiveCfg = Release|Any CPU
		{8A4C8531-FC1F-4BE9-9625-B359984F0CEB}.Release|Any CPU.Build.0 = Release|Any CPU
		{78D5B5FF-0681-49E1-9752-B4AB395A47AB}.Debug|Any CPU.ActiveCfg = Debug|Any CPU
		{78D5B5FF-0681-49E1-9752-B4AB395A47AB}.Debug|Any CPU.Build.0 = Debug|Any CPU
		{78D5B5FF-0681-49E1-9752-B4AB395A47AB}.Release|Any CPU.ActiveCfg = Release|Any CPU
		{78D5B5FF-0681-49E1-9752-B4AB395A47AB}.Release|Any CPU.Build.0 = Release|Any CPU
		{9AA9A703-8243-4EAE-B022-EE2FF4027A85}.Debug|Any CPU.ActiveCfg = Debug|Any CPU
		{9AA9A703-8243-4EAE-B022-EE2FF4027A85}.Debug|Any CPU.Build.0 = Debug|Any CPU
		{9AA9A703-8243-4EAE-B022-EE2FF4027A85}.Release|Any CPU.ActiveCfg = Release|Any CPU
		{9AA9A703-8243-4EAE-B022-EE2FF4027A85}.Release|Any CPU.Build.0 = Release|Any CPU
		{AA3C2474-5FFC-45B8-8C23-CCE0E2DBD851}.Debug|Any CPU.ActiveCfg = Debug|Any CPU
		{AA3C2474-5FFC-45B8-8C23-CCE0E2DBD851}.Debug|Any CPU.Build.0 = Debug|Any CPU
		{AA3C2474-5FFC-45B8-8C23-CCE0E2DBD851}.Release|Any CPU.ActiveCfg = Release|Any CPU
		{AA3C2474-5FFC-45B8-8C23-CCE0E2DBD851}.Release|Any CPU.Build.0 = Release|Any CPU
		{D456B58D-3801-4B76-BE69-82A4FDB5A993}.Debug|Any CPU.ActiveCfg = Debug|Any CPU
		{D456B58D-3801-4B76-BE69-82A4FDB5A993}.Debug|Any CPU.Build.0 = Debug|Any CPU
		{D456B58D-3801-4B76-BE69-82A4FDB5A993}.Release|Any CPU.ActiveCfg = Release|Any CPU
		{D456B58D-3801-4B76-BE69-82A4FDB5A993}.Release|Any CPU.Build.0 = Release|Any CPU
		{F34542A8-0AAA-46C7-98DE-0DF72E9A7E2F}.Debug|Any CPU.ActiveCfg = Debug|Any CPU
		{F34542A8-0AAA-46C7-98DE-0DF72E9A7E2F}.Debug|Any CPU.Build.0 = Debug|Any CPU
		{F34542A8-0AAA-46C7-98DE-0DF72E9A7E2F}.Release|Any CPU.ActiveCfg = Release|Any CPU
		{F34542A8-0AAA-46C7-98DE-0DF72E9A7E2F}.Release|Any CPU.Build.0 = Release|Any CPU
		{149CE343-79C3-4AE2-B61E-51845872C151}.Debug|Any CPU.ActiveCfg = Debug|Any CPU
		{149CE343-79C3-4AE2-B61E-51845872C151}.Debug|Any CPU.Build.0 = Debug|Any CPU
		{149CE343-79C3-4AE2-B61E-51845872C151}.Release|Any CPU.ActiveCfg = Release|Any CPU
		{149CE343-79C3-4AE2-B61E-51845872C151}.Release|Any CPU.Build.0 = Release|Any CPU
		{AA330FB4-E2E1-4570-9ECD-65F8100E90D5}.Debug|Any CPU.ActiveCfg = Debug|Any CPU
		{AA330FB4-E2E1-4570-9ECD-65F8100E90D5}.Debug|Any CPU.Build.0 = Debug|Any CPU
		{AA330FB4-E2E1-4570-9ECD-65F8100E90D5}.Release|Any CPU.ActiveCfg = Release|Any CPU
		{AA330FB4-E2E1-4570-9ECD-65F8100E90D5}.Release|Any CPU.Build.0 = Release|Any CPU
		{5BE6607E-0B8C-441E-B80E-14236D377D08}.Debug|Any CPU.ActiveCfg = Debug|Any CPU
		{5BE6607E-0B8C-441E-B80E-14236D377D08}.Debug|Any CPU.Build.0 = Debug|Any CPU
		{5BE6607E-0B8C-441E-B80E-14236D377D08}.Release|Any CPU.ActiveCfg = Release|Any CPU
		{5BE6607E-0B8C-441E-B80E-14236D377D08}.Release|Any CPU.Build.0 = Release|Any CPU
		{D4526E9D-E808-4922-8841-96A03BB14650}.Debug|Any CPU.ActiveCfg = Debug|Any CPU
		{D4526E9D-E808-4922-8841-96A03BB14650}.Debug|Any CPU.Build.0 = Debug|Any CPU
		{D4526E9D-E808-4922-8841-96A03BB14650}.Release|Any CPU.ActiveCfg = Release|Any CPU
		{D4526E9D-E808-4922-8841-96A03BB14650}.Release|Any CPU.Build.0 = Release|Any CPU
		{E936CD37-FC1B-4D05-8BE7-B3F29EC393B1}.Debug|Any CPU.ActiveCfg = Debug|Any CPU
		{E936CD37-FC1B-4D05-8BE7-B3F29EC393B1}.Debug|Any CPU.Build.0 = Debug|Any CPU
		{E936CD37-FC1B-4D05-8BE7-B3F29EC393B1}.Release|Any CPU.ActiveCfg = Release|Any CPU
		{E936CD37-FC1B-4D05-8BE7-B3F29EC393B1}.Release|Any CPU.Build.0 = Release|Any CPU
		{8E106150-257D-45F1-84BD-FC7AAE39FF5B}.Debug|Any CPU.ActiveCfg = Debug|Any CPU
		{8E106150-257D-45F1-84BD-FC7AAE39FF5B}.Debug|Any CPU.Build.0 = Debug|Any CPU
		{8E106150-257D-45F1-84BD-FC7AAE39FF5B}.Release|Any CPU.ActiveCfg = Release|Any CPU
		{8E106150-257D-45F1-84BD-FC7AAE39FF5B}.Release|Any CPU.Build.0 = Release|Any CPU
		{9737100B-A415-4E7D-ABD1-0D2B89981F16}.Debug|Any CPU.ActiveCfg = Debug|Any CPU
		{9737100B-A415-4E7D-ABD1-0D2B89981F16}.Debug|Any CPU.Build.0 = Debug|Any CPU
		{9737100B-A415-4E7D-ABD1-0D2B89981F16}.Release|Any CPU.ActiveCfg = Release|Any CPU
		{9737100B-A415-4E7D-ABD1-0D2B89981F16}.Release|Any CPU.Build.0 = Release|Any CPU
		{CD0F3063-D5AC-4B78-BC99-729D6FDD7478}.Debug|Any CPU.ActiveCfg = Debug|Any CPU
		{CD0F3063-D5AC-4B78-BC99-729D6FDD7478}.Debug|Any CPU.Build.0 = Debug|Any CPU
		{CD0F3063-D5AC-4B78-BC99-729D6FDD7478}.Release|Any CPU.ActiveCfg = Release|Any CPU
		{CD0F3063-D5AC-4B78-BC99-729D6FDD7478}.Release|Any CPU.Build.0 = Release|Any CPU
		{EB3EC543-CB41-4E1A-9500-9AEF5C3BC0B7}.Debug|Any CPU.ActiveCfg = Debug|Any CPU
		{EB3EC543-CB41-4E1A-9500-9AEF5C3BC0B7}.Debug|Any CPU.Build.0 = Debug|Any CPU
		{EB3EC543-CB41-4E1A-9500-9AEF5C3BC0B7}.Release|Any CPU.ActiveCfg = Release|Any CPU
		{EB3EC543-CB41-4E1A-9500-9AEF5C3BC0B7}.Release|Any CPU.Build.0 = Release|Any CPU
		{ACE28A2C-EB6B-4244-B493-DD99867CB90D}.Debug|Any CPU.ActiveCfg = Debug|Any CPU
		{ACE28A2C-EB6B-4244-B493-DD99867CB90D}.Debug|Any CPU.Build.0 = Debug|Any CPU
		{ACE28A2C-EB6B-4244-B493-DD99867CB90D}.Release|Any CPU.ActiveCfg = Release|Any CPU
		{ACE28A2C-EB6B-4244-B493-DD99867CB90D}.Release|Any CPU.Build.0 = Release|Any CPU
		{BFE4216D-7D2E-416A-834D-43AA1C639524}.Debug|Any CPU.ActiveCfg = Debug|Any CPU
		{BFE4216D-7D2E-416A-834D-43AA1C639524}.Debug|Any CPU.Build.0 = Debug|Any CPU
		{BFE4216D-7D2E-416A-834D-43AA1C639524}.Release|Any CPU.ActiveCfg = Release|Any CPU
		{BFE4216D-7D2E-416A-834D-43AA1C639524}.Release|Any CPU.Build.0 = Release|Any CPU
		{69B61D89-B578-4F07-9DD5-7204D4F682BD}.Debug|Any CPU.ActiveCfg = Debug|Any CPU
		{69B61D89-B578-4F07-9DD5-7204D4F682BD}.Debug|Any CPU.Build.0 = Debug|Any CPU
		{69B61D89-B578-4F07-9DD5-7204D4F682BD}.Release|Any CPU.ActiveCfg = Release|Any CPU
		{69B61D89-B578-4F07-9DD5-7204D4F682BD}.Release|Any CPU.Build.0 = Release|Any CPU
		{9B7F8691-E337-4CA4-9E24-46EF69803734}.Debug|Any CPU.ActiveCfg = Debug|Any CPU
		{9B7F8691-E337-4CA4-9E24-46EF69803734}.Debug|Any CPU.Build.0 = Debug|Any CPU
		{9B7F8691-E337-4CA4-9E24-46EF69803734}.Release|Any CPU.ActiveCfg = Release|Any CPU
		{9B7F8691-E337-4CA4-9E24-46EF69803734}.Release|Any CPU.Build.0 = Release|Any CPU
		{A3DCBFE2-2D22-4464-9F15-3D71EDBB5F4D}.Debug|Any CPU.ActiveCfg = Debug|Any CPU
		{A3DCBFE2-2D22-4464-9F15-3D71EDBB5F4D}.Debug|Any CPU.Build.0 = Debug|Any CPU
		{A3DCBFE2-2D22-4464-9F15-3D71EDBB5F4D}.Release|Any CPU.ActiveCfg = Release|Any CPU
		{A3DCBFE2-2D22-4464-9F15-3D71EDBB5F4D}.Release|Any CPU.Build.0 = Release|Any CPU
		{AE6951C4-54B0-4EC4-8E52-8BF73EF1766C}.Debug|Any CPU.ActiveCfg = Debug|Any CPU
		{AE6951C4-54B0-4EC4-8E52-8BF73EF1766C}.Debug|Any CPU.Build.0 = Debug|Any CPU
		{AE6951C4-54B0-4EC4-8E52-8BF73EF1766C}.Release|Any CPU.ActiveCfg = Release|Any CPU
		{AE6951C4-54B0-4EC4-8E52-8BF73EF1766C}.Release|Any CPU.Build.0 = Release|Any CPU
		{4E053D6F-23F8-4262-8331-7852E8788FB2}.Debug|Any CPU.ActiveCfg = Debug|Any CPU
		{4E053D6F-23F8-4262-8331-7852E8788FB2}.Debug|Any CPU.Build.0 = Debug|Any CPU
		{4E053D6F-23F8-4262-8331-7852E8788FB2}.Release|Any CPU.ActiveCfg = Release|Any CPU
		{4E053D6F-23F8-4262-8331-7852E8788FB2}.Release|Any CPU.Build.0 = Release|Any CPU
		{768CA07B-FAC9-4233-BB4A-E522E5CED0FA}.Debug|Any CPU.ActiveCfg = Debug|Any CPU
		{768CA07B-FAC9-4233-BB4A-E522E5CED0FA}.Debug|Any CPU.Build.0 = Debug|Any CPU
		{768CA07B-FAC9-4233-BB4A-E522E5CED0FA}.Release|Any CPU.ActiveCfg = Release|Any CPU
		{768CA07B-FAC9-4233-BB4A-E522E5CED0FA}.Release|Any CPU.Build.0 = Release|Any CPU
		{B2FBBA96-D2CA-4051-A9FF-36D4FD2FE1BC}.Debug|Any CPU.ActiveCfg = Debug|Any CPU
		{B2FBBA96-D2CA-4051-A9FF-36D4FD2FE1BC}.Debug|Any CPU.Build.0 = Debug|Any CPU
		{B2FBBA96-D2CA-4051-A9FF-36D4FD2FE1BC}.Release|Any CPU.ActiveCfg = Release|Any CPU
		{B2FBBA96-D2CA-4051-A9FF-36D4FD2FE1BC}.Release|Any CPU.Build.0 = Release|Any CPU
		{E927DC0E-7736-47FF-B661-96534265380B}.Debug|Any CPU.ActiveCfg = Debug|Any CPU
		{E927DC0E-7736-47FF-B661-96534265380B}.Debug|Any CPU.Build.0 = Debug|Any CPU
		{E927DC0E-7736-47FF-B661-96534265380B}.Release|Any CPU.ActiveCfg = Release|Any CPU
		{E927DC0E-7736-47FF-B661-96534265380B}.Release|Any CPU.Build.0 = Release|Any CPU
		{56F7519C-2D4F-4939-B7DB-295EC0BDBF6C}.Debug|Any CPU.ActiveCfg = Debug|Any CPU
		{56F7519C-2D4F-4939-B7DB-295EC0BDBF6C}.Debug|Any CPU.Build.0 = Debug|Any CPU
		{56F7519C-2D4F-4939-B7DB-295EC0BDBF6C}.Release|Any CPU.ActiveCfg = Release|Any CPU
		{56F7519C-2D4F-4939-B7DB-295EC0BDBF6C}.Release|Any CPU.Build.0 = Release|Any CPU
		{730EDE55-501D-4A60-B7E8-F6ADC743159C}.Debug|Any CPU.ActiveCfg = Debug|Any CPU
		{730EDE55-501D-4A60-B7E8-F6ADC743159C}.Debug|Any CPU.Build.0 = Debug|Any CPU
		{730EDE55-501D-4A60-B7E8-F6ADC743159C}.Release|Any CPU.ActiveCfg = Release|Any CPU
		{730EDE55-501D-4A60-B7E8-F6ADC743159C}.Release|Any CPU.Build.0 = Release|Any CPU
		{E6B73F3E-92DD-4737-8FF8-A78B97CB387C}.Debug|Any CPU.ActiveCfg = Debug|Any CPU
		{E6B73F3E-92DD-4737-8FF8-A78B97CB387C}.Debug|Any CPU.Build.0 = Debug|Any CPU
		{E6B73F3E-92DD-4737-8FF8-A78B97CB387C}.Release|Any CPU.ActiveCfg = Release|Any CPU
		{E6B73F3E-92DD-4737-8FF8-A78B97CB387C}.Release|Any CPU.Build.0 = Release|Any CPU
		{3378E01F-43A7-4F27-8944-2FF46C35C4F0}.Debug|Any CPU.ActiveCfg = Debug|Any CPU
		{3378E01F-43A7-4F27-8944-2FF46C35C4F0}.Debug|Any CPU.Build.0 = Debug|Any CPU
		{3378E01F-43A7-4F27-8944-2FF46C35C4F0}.Release|Any CPU.ActiveCfg = Release|Any CPU
		{3378E01F-43A7-4F27-8944-2FF46C35C4F0}.Release|Any CPU.Build.0 = Release|Any CPU
		{2107BF8F-95A9-4A7A-9CB0-F676E59A887A}.Debug|Any CPU.ActiveCfg = Debug|Any CPU
		{2107BF8F-95A9-4A7A-9CB0-F676E59A887A}.Debug|Any CPU.Build.0 = Debug|Any CPU
		{2107BF8F-95A9-4A7A-9CB0-F676E59A887A}.Release|Any CPU.ActiveCfg = Release|Any CPU
		{2107BF8F-95A9-4A7A-9CB0-F676E59A887A}.Release|Any CPU.Build.0 = Release|Any CPU
		{90FB198E-A723-4127-B38F-6F3FE2180AED}.Debug|Any CPU.ActiveCfg = Debug|Any CPU
		{90FB198E-A723-4127-B38F-6F3FE2180AED}.Debug|Any CPU.Build.0 = Debug|Any CPU
		{90FB198E-A723-4127-B38F-6F3FE2180AED}.Release|Any CPU.ActiveCfg = Release|Any CPU
		{90FB198E-A723-4127-B38F-6F3FE2180AED}.Release|Any CPU.Build.0 = Release|Any CPU
		{0A6CE006-5DFA-4478-8ADC-3CA0F16CACBA}.Debug|Any CPU.ActiveCfg = Debug|Any CPU
		{0A6CE006-5DFA-4478-8ADC-3CA0F16CACBA}.Debug|Any CPU.Build.0 = Debug|Any CPU
		{0A6CE006-5DFA-4478-8ADC-3CA0F16CACBA}.Release|Any CPU.ActiveCfg = Release|Any CPU
		{0A6CE006-5DFA-4478-8ADC-3CA0F16CACBA}.Release|Any CPU.Build.0 = Release|Any CPU
		{A450AABD-15BC-433E-B9B9-9D91BF5F4BFA}.Debug|Any CPU.ActiveCfg = Debug|Any CPU
		{A450AABD-15BC-433E-B9B9-9D91BF5F4BFA}.Debug|Any CPU.Build.0 = Debug|Any CPU
		{A450AABD-15BC-433E-B9B9-9D91BF5F4BFA}.Release|Any CPU.ActiveCfg = Release|Any CPU
		{A450AABD-15BC-433E-B9B9-9D91BF5F4BFA}.Release|Any CPU.Build.0 = Release|Any CPU
		{D32F4616-1733-4491-81C6-D77F975DF171}.Debug|Any CPU.ActiveCfg = Debug|Any CPU
		{D32F4616-1733-4491-81C6-D77F975DF171}.Debug|Any CPU.Build.0 = Debug|Any CPU
		{D32F4616-1733-4491-81C6-D77F975DF171}.Release|Any CPU.ActiveCfg = Release|Any CPU
		{D32F4616-1733-4491-81C6-D77F975DF171}.Release|Any CPU.Build.0 = Release|Any CPU
		{CAD89597-A781-491C-9B95-0C2D6DA3C70B}.Debug|Any CPU.ActiveCfg = Debug|Any CPU
		{CAD89597-A781-491C-9B95-0C2D6DA3C70B}.Debug|Any CPU.Build.0 = Debug|Any CPU
		{CAD89597-A781-491C-9B95-0C2D6DA3C70B}.Release|Any CPU.ActiveCfg = Release|Any CPU
		{CAD89597-A781-491C-9B95-0C2D6DA3C70B}.Release|Any CPU.Build.0 = Release|Any CPU
		{C203E2FB-EEB4-4496-9BC2-2951920CDD56}.Debug|Any CPU.ActiveCfg = Debug|Any CPU
		{C203E2FB-EEB4-4496-9BC2-2951920CDD56}.Debug|Any CPU.Build.0 = Debug|Any CPU
		{C203E2FB-EEB4-4496-9BC2-2951920CDD56}.Release|Any CPU.ActiveCfg = Release|Any CPU
		{C203E2FB-EEB4-4496-9BC2-2951920CDD56}.Release|Any CPU.Build.0 = Release|Any CPU
		{FDD50EA7-65F8-459D-9266-51E229757B78}.Debug|Any CPU.ActiveCfg = Debug|Any CPU
		{FDD50EA7-65F8-459D-9266-51E229757B78}.Debug|Any CPU.Build.0 = Debug|Any CPU
		{FDD50EA7-65F8-459D-9266-51E229757B78}.Release|Any CPU.ActiveCfg = Release|Any CPU
		{FDD50EA7-65F8-459D-9266-51E229757B78}.Release|Any CPU.Build.0 = Release|Any CPU
		{78912F30-35BD-411C-8CA9-49A2A3726745}.Debug|Any CPU.ActiveCfg = Debug|Any CPU
		{78912F30-35BD-411C-8CA9-49A2A3726745}.Debug|Any CPU.Build.0 = Debug|Any CPU
		{78912F30-35BD-411C-8CA9-49A2A3726745}.Release|Any CPU.ActiveCfg = Release|Any CPU
		{78912F30-35BD-411C-8CA9-49A2A3726745}.Release|Any CPU.Build.0 = Release|Any CPU
		{885DA3AA-3B3C-43EC-823D-A0B73D359B6A}.Debug|Any CPU.ActiveCfg = Debug|Any CPU
		{885DA3AA-3B3C-43EC-823D-A0B73D359B6A}.Debug|Any CPU.Build.0 = Debug|Any CPU
		{885DA3AA-3B3C-43EC-823D-A0B73D359B6A}.Release|Any CPU.ActiveCfg = Release|Any CPU
		{885DA3AA-3B3C-43EC-823D-A0B73D359B6A}.Release|Any CPU.Build.0 = Release|Any CPU
		{A3011C15-258D-4A62-B01B-91EFEEA9C936}.Debug|Any CPU.ActiveCfg = Debug|Any CPU
		{A3011C15-258D-4A62-B01B-91EFEEA9C936}.Debug|Any CPU.Build.0 = Debug|Any CPU
		{A3011C15-258D-4A62-B01B-91EFEEA9C936}.Release|Any CPU.ActiveCfg = Release|Any CPU
		{A3011C15-258D-4A62-B01B-91EFEEA9C936}.Release|Any CPU.Build.0 = Release|Any CPU
	EndGlobalSection
	GlobalSection(SolutionProperties) = preSolution
		HideSolutionNode = FALSE
	EndGlobalSection
	GlobalSection(ExtensibilityGlobals) = postSolution
		SolutionGuid = {0A133EE0-88EE-4188-852D-959733E043CA}
	EndGlobalSection
EndGlobal
