
Microsoft Visual Studio Solution File, Format Version 12.00
# Visual Studio 15
VisualStudioVersion = 15.0.28307.1738
MinimumVisualStudioVersion = 10.0.40219.1
Project("{FAE04EC0-301F-11D3-BF4B-00C04F79EFBC}") = "Lesson 8 - Арифметические операции с числами", "Lesson 8 - Арифметические операции с числами\Lesson 8 - Арифметические операции с числами.csproj", "{2543A1D0-1B38-4E19-96E4-77E635CD768F}"
EndProject
Global
	GlobalSection(SolutionConfigurationPlatforms) = preSolution
		Debug|Any CPU = Debug|Any CPU
		Release|Any CPU = Release|Any CPU
	EndGlobalSection
	GlobalSection(ProjectConfigurationPlatforms) = postSolution
		{2543A1D0-1B38-4E19-96E4-77E635CD768F}.Debug|Any CPU.ActiveCfg = Debug|Any CPU
		{2543A1D0-1B38-4E19-96E4-77E635CD768F}.Debug|Any CPU.Build.0 = Debug|Any CPU
		{2543A1D0-1B38-4E19-96E4-77E635CD768F}.Release|Any CPU.ActiveCfg = Release|Any CPU
		{2543A1D0-1B38-4E19-96E4-77E635CD768F}.Release|Any CPU.Build.0 = Release|Any CPU
	EndGlobalSection
	GlobalSection(SolutionProperties) = preSolution
		HideSolutionNode = FALSE
	EndGlobalSection
	GlobalSection(ExtensibilityGlobals) = postSolution
		SolutionGuid = {C81396E8-F9BC-4F27-A22D-C9C9EF720A69}
	EndGlobalSection
EndGlobal
